PODS:
  - Alamofire (5.2.2)
  - GoneVisible (1.2.0)
  - MaterialComponents/Availability (115.1.0)
  - MaterialComponents/BottomSheet (115.1.0):
    - MaterialComponents/Elevation
    - MaterialComponents/private/KeyboardWatcher
    - MaterialComponents/private/Math
    - MaterialComponents/ShadowElevations
    - MaterialComponents/ShadowLayer
    - MaterialComponents/ShapeLibrary
    - MaterialComponents/Shapes
  - MaterialComponents/Elevation (115.1.0):
    - MaterialComponents/Availability
    - MaterialComponents/private/Color
    - MaterialComponents/private/Math
  - MaterialComponents/private/Application (115.1.0)
  - MaterialComponents/private/Color (115.1.0):
    - MaterialComponents/Availability
  - MaterialComponents/private/KeyboardWatcher (115.1.0):
    - MaterialComponents/private/Application
  - MaterialComponents/private/Math (115.1.0)
  - MaterialComponents/ShadowElevations (115.1.0)
  - MaterialComponents/ShadowLayer (115.1.0):
    - MaterialComponents/ShadowElevations
  - MaterialComponents/ShapeLibrary (115.1.0):
    - MaterialComponents/private/Math
    - MaterialComponents/Shapes
  - MaterialComponents/Shapes (115.1.0):
    - MaterialComponents/private/Color
    - MaterialComponents/private/Math
    - MaterialComponents/ShadowLayer
  - SideMenu (6.4.9)
  - Toast-Swift (5.0.1)

DEPENDENCIES:
  - Alamofire (~> 5.2.2)
  - GoneVisible
  - MaterialComponents/BottomSheet
  - SideMenu
  - Toast-Swift

SPEC REPOS:
  trunk:
    - Alamofire
    - GoneVisible
    - MaterialComponents
    - SideMenu
    - Toast-Swift

SPEC CHECKSUMS:
  Alamofire: 814429acc853c6c54ff123fc3d2ef66803823ce0
  GoneVisible: c552940cd9df7548427f6bffd000dcbcc6de187f
  MaterialComponents: ed63ad5df885bcf0f06751adc1ee97d73464ef9c
  SideMenu: 8ef57a3cfc024a2d3fc1c036c7fe98537baec9e0
  Toast-Swift: 9b6a70f28b3bf0b96c40d46c0c4b9d6639846711

PODFILE CHECKSUM: dde2b5e46c173db821788cb510cd225279ef9391

COCOAPODS: 1.10.0.beta.2
