// !$*UTF8*$!
{
	archiveVersion = 1;
	classes = {
	};
	objectVersion = 52;
	objects = {

/* Begin PBXBuildFile section */
		37201B7924FC95DD000A3F08 /* HistoryElectricityTableCell.swift in Sources */ = {isa = PBXBuildFile; fileRef = 37201B7824FC95DD000A3F08 /* HistoryElectricityTableCell.swift */; };
		372D309224F6324000CEB232 /* SettingViewController.swift in Sources */ = {isa = PBXBuildFile; fileRef = 372D309124F6324000CEB232 /* SettingViewController.swift */; };
		37373FAE24FB50C900181756 /* HistoryPointViewController.swift in Sources */ = {isa = PBXBuildFile; fileRef = 37373FAC24FB50C900181756 /* HistoryPointViewController.swift */; };
		37373FAF24FB50C900181756 /* HistoryPointTableCell.swift in Sources */ = {isa = PBXBuildFile; fileRef = 37373FAD24FB50C900181756 /* HistoryPointTableCell.swift */; };
		376E3A2624FC906C007274A1 /* HistoryElectricityChargingViewController.swift in Sources */ = {isa = PBXBuildFile; fileRef = 376E3A2524FC906C007274A1 /* HistoryElectricityChargingViewController.swift */; };
		96A289B377796E4505BB738D /* Pods_SharingCharger.framework in Frameworks */ = {isa = PBXBuildFile; fileRef = E150F99499B36EF9DEE2F892 /* Pods_SharingCharger.framework */; };
		C65F1BA1253C53E9002F6B19 /* ChargingHistoryObject.swift in Sources */ = {isa = PBXBuildFile; fileRef = C65F1BA0253C53E9002F6B19 /* ChargingHistoryObject.swift */; };
		C65F1BAB253C72A5002F6B19 /* SearchChargeHistoryCondition.swift in Sources */ = {isa = PBXBuildFile; fileRef = C65F1BAA253C72A5002F6B19 /* SearchChargeHistoryCondition.swift */; };
		C65F1BAD253E87FC002F6B19 /* SearchingHistoryConditionObject.swift in Sources */ = {isa = PBXBuildFile; fileRef = C65F1BAC253E87FC002F6B19 /* SearchingHistoryConditionObject.swift */; };
		C6633DED252C362900F02F24 /* SearchingChargerViewController.swift in Sources */ = {isa = PBXBuildFile; fileRef = C6633DEC252C362900F02F24 /* SearchingChargerViewController.swift */; };
		C6633DEF252C7C4400F02F24 /* ChargeViewController.swift in Sources */ = {isa = PBXBuildFile; fileRef = C6633DEE252C7C4400F02F24 /* ChargeViewController.swift */; };
		C6633E062535381B00F02F24 /* MarkerObject.swift in Sources */ = {isa = PBXBuildFile; fileRef = C6633E052535381B00F02F24 /* MarkerObject.swift */; };
		C6633E0E25357F8600F02F24 /* ReservationObject.swift in Sources */ = {isa = PBXBuildFile; fileRef = C6633E0D25357F8500F02F24 /* ReservationObject.swift */; };
		DA09438324E1214B00671F0D /* CustomTextField.swift in Sources */ = {isa = PBXBuildFile; fileRef = DA09438224E1214B00671F0D /* CustomTextField.swift */; };
		DA09438924E146AC00671F0D /* JoinViewController.swift in Sources */ = {isa = PBXBuildFile; fileRef = DA09438824E146AC00671F0D /* JoinViewController.swift */; };
		DA0AF3DC2531A62400FE5FF7 /* JoinObject.swift in Sources */ = {isa = PBXBuildFile; fileRef = DA0AF3DB2531A62400FE5FF7 /* JoinObject.swift */; };
		DA0AF40A2531BFAE00FE5FF7 /* Utils.swift in Sources */ = {isa = PBXBuildFile; fileRef = DA0AF4092531BFAE00FE5FF7 /* Utils.swift */; };
		DA0AF4232531D12C00FE5FF7 /* Interceptor.swift in Sources */ = {isa = PBXBuildFile; fileRef = DA0AF4222531D12C00FE5FF7 /* Interceptor.swift */; };
		DA1D8380251DD77B00855000 /* SearchingConditionObject.swift in Sources */ = {isa = PBXBuildFile; fileRef = DA1D837F251DD77B00855000 /* SearchingConditionObject.swift */; };
		DA26FB2324FCC0CC00D76753 /* SampleViewController.swift in Sources */ = {isa = PBXBuildFile; fileRef = DA26FB2224FCC0CC00D76753 /* SampleViewController.swift */; };
		DA26FB2524FCC0FF00D76753 /* SampleTableViewCell.swift in Sources */ = {isa = PBXBuildFile; fileRef = DA26FB2424FCC0FF00D76753 /* SampleTableViewCell.swift */; };
		DA26FB3224FCD6B400D76753 /* EvzBLEKit.xcframework in Frameworks */ = {isa = PBXBuildFile; fileRef = DA26FB3024FCD6AD00D76753 /* EvzBLEKit.xcframework */; };
		DA26FB3324FCD6B400D76753 /* EvzBLEKit.xcframework in Embed Frameworks */ = {isa = PBXBuildFile; fileRef = DA26FB3024FCD6AD00D76753 /* EvzBLEKit.xcframework */; settings = {ATTRIBUTES = (CodeSignOnCopy, ); }; };
		DA3416662508D64C0031999F /* ShadowButton.swift in Sources */ = {isa = PBXBuildFile; fileRef = DA3416652508D64C0031999F /* ShadowButton.swift */; };
		DA341672250A20620031999F /* ShadowView.swift in Sources */ = {isa = PBXBuildFile; fileRef = DA341671250A20620031999F /* ShadowView.swift */; };
		DA341674250B7AF00031999F /* ShadowCircleView.swift in Sources */ = {isa = PBXBuildFile; fileRef = DA341673250B7AF00031999F /* ShadowCircleView.swift */; };
		DA41A08C24EBB35400E7BB93 /* AppendStar.swift in Sources */ = {isa = PBXBuildFile; fileRef = DA41A08B24EBB35400E7BB93 /* AppendStar.swift */; };
		DA41A1F024ECF71200E7BB93 /* PasswordInitViewController.swift in Sources */ = {isa = PBXBuildFile; fileRef = DA41A1EF24ECF71200E7BB93 /* PasswordInitViewController.swift */; };
		DA4C26E6253B204500E3E79C /* FavoriteCell.swift in Sources */ = {isa = PBXBuildFile; fileRef = DA4C26E5253B204500E3E79C /* FavoriteCell.swift */; };
		DAAC21D32521D4E20086055F /* LeftMenuViewController.swift in Sources */ = {isa = PBXBuildFile; fileRef = DAAC21D22521D4E20086055F /* LeftMenuViewController.swift */; };
		DABC41A824CE73F500DD366F /* AppDelegate.swift in Sources */ = {isa = PBXBuildFile; fileRef = DABC41A724CE73F500DD366F /* AppDelegate.swift */; };
		DABC41AA24CE73F500DD366F /* SceneDelegate.swift in Sources */ = {isa = PBXBuildFile; fileRef = DABC41A924CE73F500DD366F /* SceneDelegate.swift */; };
		DABC41AC24CE73F500DD366F /* LoginViewController.swift in Sources */ = {isa = PBXBuildFile; fileRef = DABC41AB24CE73F500DD366F /* LoginViewController.swift */; };
		DABC41AF24CE73F500DD366F /* Login.storyboard in Resources */ = {isa = PBXBuildFile; fileRef = DABC41AD24CE73F500DD366F /* Login.storyboard */; };
		DABC41B224CE73F500DD366F /* SharingCharger.xcdatamodeld in Sources */ = {isa = PBXBuildFile; fileRef = DABC41B024CE73F500DD366F /* SharingCharger.xcdatamodeld */; };
		DABC41B424CE73F700DD366F /* Assets.xcassets in Resources */ = {isa = PBXBuildFile; fileRef = DABC41B324CE73F700DD366F /* Assets.xcassets */; };
		DABC41B724CE73F700DD366F /* LaunchScreen.storyboard in Resources */ = {isa = PBXBuildFile; fileRef = DABC41B524CE73F700DD366F /* LaunchScreen.storyboard */; };
		DAD3201825070D410047A446 /* map_pinup_custom@3x.png in Resources */ = {isa = PBXBuildFile; fileRef = DAD31FF325070D410047A446 /* map_pinup_custom@3x.png */; };
		DAD3201925070D410047A446 /* map_pin_custom.png in Resources */ = {isa = PBXBuildFile; fileRef = DAD31FF425070D410047A446 /* map_pin_custom.png */; };
		DAD3201A25070D410047A446 /* shadow_balloon.png in Resources */ = {isa = PBXBuildFile; fileRef = DAD31FF525070D410047A446 /* shadow_balloon.png */; };
		DAD3201B25070D410047A446 /* map_pinup.png in Resources */ = {isa = PBXBuildFile; fileRef = DAD31FF625070D410047A446 /* map_pinup.png */; };
		DAD3201C25070D410047A446 /* detail_button.png in Resources */ = {isa = PBXBuildFile; fileRef = DAD31FF725070D410047A446 /* detail_button.png */; };
		DAD3201D25070D410047A446 /* map_pin_custom@3x.png in Resources */ = {isa = PBXBuildFile; fileRef = DAD31FF825070D410047A446 /* map_pin_custom@3x.png */; };
		DAD3201E25070D410047A446 /* map_pinup@3x.png in Resources */ = {isa = PBXBuildFile; fileRef = DAD31FF925070D410047A446 /* map_pinup@3x.png */; };
		DAD3201F25070D410047A446 /* map_pin_shadow@3x.png in Resources */ = {isa = PBXBuildFile; fileRef = DAD31FFA25070D410047A446 /* map_pin_shadow@3x.png */; };
		DAD3202025070D410047A446 /* copyright.png in Resources */ = {isa = PBXBuildFile; fileRef = DAD31FFB25070D410047A446 /* copyright.png */; };
		DAD3202125070D410047A446 /* th_line.png in Resources */ = {isa = PBXBuildFile; fileRef = DAD31FFC25070D410047A446 /* th_line.png */; };
		DAD3202225070D410047A446 /* map_pin_red@3x.png in Resources */ = {isa = PBXBuildFile; fileRef = DAD31FFD25070D410047A446 /* map_pin_red@3x.png */; };
		DAD3202325070D410047A446 /* daum_copyright.png in Resources */ = {isa = PBXBuildFile; fileRef = DAD31FFE25070D410047A446 /* daum_copyright.png */; };
		DAD3202425070D410047A446 /* map_pin@3x.png in Resources */ = {isa = PBXBuildFile; fileRef = DAD31FFF25070D410047A446 /* map_pin@3x.png */; };
		DAD3202525070D410047A446 /* map_present_tracking.png in Resources */ = {isa = PBXBuildFile; fileRef = DAD3200025070D410047A446 /* map_present_tracking.png */; };
		DAD3202625070D410047A446 /* map_pin_red.png in Resources */ = {isa = PBXBuildFile; fileRef = DAD3200125070D410047A446 /* map_pin_red.png */; };
		DAD3202725070D410047A446 /* info_box.png in Resources */ = {isa = PBXBuildFile; fileRef = DAD3200B25070D410047A446 /* info_box.png */; };
		DAD3202825070D410047A446 /* point_sprite.png in Resources */ = {isa = PBXBuildFile; fileRef = DAD3200C25070D410047A446 /* point_sprite.png */; };
		DAD3202925070D410047A446 /* map_pinup_custom.png in Resources */ = {isa = PBXBuildFile; fileRef = DAD3200D25070D410047A446 /* map_pinup_custom.png */; };
		DAD3202A25070D410047A446 /* info_box_tail.png in Resources */ = {isa = PBXBuildFile; fileRef = DAD3200E25070D410047A446 /* info_box_tail.png */; };
		DAD3202B25070D410047A446 /* noimage256.png in Resources */ = {isa = PBXBuildFile; fileRef = DAD3200F25070D410047A446 /* noimage256.png */; };
		DAD3202C25070D410047A446 /* map_present_direction.png in Resources */ = {isa = PBXBuildFile; fileRef = DAD3201025070D410047A446 /* map_present_direction.png */; };
		DAD3202D25070D410047A446 /* map_pin.png in Resources */ = {isa = PBXBuildFile; fileRef = DAD3201125070D410047A446 /* map_pin.png */; };
		DAD3202E25070D410047A446 /* map_present.png in Resources */ = {isa = PBXBuildFile; fileRef = DAD3201225070D410047A446 /* map_present.png */; };
		DAD3202F25070D410047A446 /* noimage.png in Resources */ = {isa = PBXBuildFile; fileRef = DAD3201325070D410047A446 /* noimage.png */; };
		DAD3203025070D410047A446 /* map_present_background_update.png in Resources */ = {isa = PBXBuildFile; fileRef = DAD3201425070D410047A446 /* map_present_background_update.png */; };
		DAD3203125070D410047A446 /* daum_th_line.png in Resources */ = {isa = PBXBuildFile; fileRef = DAD3201525070D410047A446 /* daum_th_line.png */; };
		DAD3203225070D410047A446 /* map_pin_shadow.png in Resources */ = {isa = PBXBuildFile; fileRef = DAD3201625070D410047A446 /* map_pin_shadow.png */; };
		DAD3203325070D410047A446 /* DaumMap.framework in Frameworks */ = {isa = PBXBuildFile; fileRef = DAD3201725070D410047A446 /* DaumMap.framework */; };
		DAD320B0250747CD0047A446 /* Metal.framework in Frameworks */ = {isa = PBXBuildFile; fileRef = DAD320AF250747CD0047A446 /* Metal.framework */; };
		DAD320B2250747D60047A446 /* QuartzCore.framework in Frameworks */ = {isa = PBXBuildFile; fileRef = DAD320B1250747D60047A446 /* QuartzCore.framework */; };
		DAD320B4250747DC0047A446 /* CoreLocation.framework in Frameworks */ = {isa = PBXBuildFile; fileRef = DAD320B3250747DC0047A446 /* CoreLocation.framework */; };
		DAD320B6250747E60047A446 /* SystemConfiguration.framework in Frameworks */ = {isa = PBXBuildFile; fileRef = DAD320B5250747E60047A446 /* SystemConfiguration.framework */; };
		DAD320B8250748230047A446 /* libc++.tbd in Frameworks */ = {isa = PBXBuildFile; fileRef = DAD320B7250748230047A446 /* libc++.tbd */; };
		DAD320BA2507482D0047A446 /* libxml2.tbd in Frameworks */ = {isa = PBXBuildFile; fileRef = DAD320B92507482D0047A446 /* libxml2.tbd */; };
		DAD320BC250748360047A446 /* libsqlite3.tbd in Frameworks */ = {isa = PBXBuildFile; fileRef = DAD320BB250748360047A446 /* libsqlite3.tbd */; };
		DADCD4C524F4E1E20026EFAD /* Main.storyboard in Resources */ = {isa = PBXBuildFile; fileRef = DADCD4C424F4E1E20026EFAD /* Main.storyboard */; };
		DADCD4C724F4E2080026EFAD /* MainViewController.swift in Sources */ = {isa = PBXBuildFile; fileRef = DADCD4C624F4E2080026EFAD /* MainViewController.swift */; };
		DADCD4F224F554710026EFAD /* ReservationViewController.swift in Sources */ = {isa = PBXBuildFile; fileRef = DADCD4F124F554710026EFAD /* ReservationViewController.swift */; };
		DAF0F3F8250E1E540055226F /* SearchingConditionViewController.swift in Sources */ = {isa = PBXBuildFile; fileRef = DAF0F3F7250E1E540055226F /* SearchingConditionViewController.swift */; };
		DAF0F421250F7D720055226F /* CustomButton.swift in Sources */ = {isa = PBXBuildFile; fileRef = DAF0F420250F7D720055226F /* CustomButton.swift */; };
		DAF4D9D0252C360700B4D218 /* BottomSheetView.swift in Sources */ = {isa = PBXBuildFile; fileRef = DAF4D9CC252C360700B4D218 /* BottomSheetView.swift */; };
		DAF4D9D1252C360700B4D218 /* SpringAnimator.swift in Sources */ = {isa = PBXBuildFile; fileRef = DAF4D9CD252C360700B4D218 /* SpringAnimator.swift */; };
		DAF4D9D2252C360700B4D218 /* BottomSheetCalculator.swift in Sources */ = {isa = PBXBuildFile; fileRef = DAF4D9CE252C360700B4D218 /* BottomSheetCalculator.swift */; };
		DAF4D9D3252C360700B4D218 /* TranslationTarget.swift in Sources */ = {isa = PBXBuildFile; fileRef = DAF4D9CF252C360700B4D218 /* TranslationTarget.swift */; };
		DAF4D9D5252C56E300B4D218 /* ChargerContentView.swift in Sources */ = {isa = PBXBuildFile; fileRef = DAF4D9D4252C56E300B4D218 /* ChargerContentView.swift */; };
		DAF563D125426F1800BDE08D /* ReservationPopupViewController.swift in Sources */ = {isa = PBXBuildFile; fileRef = DAF563D025426F1800BDE08D /* ReservationPopupViewController.swift */; };
		DAF563D32542CEC100BDE08D /* ChargerObject.swift in Sources */ = {isa = PBXBuildFile; fileRef = DAF563D22542CEC100BDE08D /* ChargerObject.swift */; };
		DAFED5EA253567D400D5A335 /* FavoriteViewController.swift in Sources */ = {isa = PBXBuildFile; fileRef = DAFED5E9253567D400D5A335 /* FavoriteViewController.swift */; };
		DAFED5F62535910D00D5A335 /* FavoriteObject.swift in Sources */ = {isa = PBXBuildFile; fileRef = DAFED5F52535910D00D5A335 /* FavoriteObject.swift */; };
/* End PBXBuildFile section */

/* Begin PBXCopyFilesBuildPhase section */
		DA26FB3424FCD6B400D76753 /* Embed Frameworks */ = {
			isa = PBXCopyFilesBuildPhase;
			buildActionMask = 2147483647;
			dstPath = "";
			dstSubfolderSpec = 10;
			files = (
				DA26FB3324FCD6B400D76753 /* EvzBLEKit.xcframework in Embed Frameworks */,
			);
			name = "Embed Frameworks";
			runOnlyForDeploymentPostprocessing = 0;
		};
/* End PBXCopyFilesBuildPhase section */

/* Begin PBXFileReference section */
		0E3E6427A6C3A592D0F58D84 /* Pods-SharingCharger.debug.xcconfig */ = {isa = PBXFileReference; includeInIndex = 1; lastKnownFileType = text.xcconfig; name = "Pods-SharingCharger.debug.xcconfig"; path = "Target Support Files/Pods-SharingCharger/Pods-SharingCharger.debug.xcconfig"; sourceTree = "<group>"; };
		37201B7824FC95DD000A3F08 /* HistoryElectricityTableCell.swift */ = {isa = PBXFileReference; lastKnownFileType = sourcecode.swift; path = HistoryElectricityTableCell.swift; sourceTree = "<group>"; };
		372D309124F6324000CEB232 /* SettingViewController.swift */ = {isa = PBXFileReference; lastKnownFileType = sourcecode.swift; path = SettingViewController.swift; sourceTree = "<group>"; };
		37373FAC24FB50C900181756 /* HistoryPointViewController.swift */ = {isa = PBXFileReference; fileEncoding = 4; lastKnownFileType = sourcecode.swift; path = HistoryPointViewController.swift; sourceTree = "<group>"; };
		37373FAD24FB50C900181756 /* HistoryPointTableCell.swift */ = {isa = PBXFileReference; fileEncoding = 4; lastKnownFileType = sourcecode.swift; path = HistoryPointTableCell.swift; sourceTree = "<group>"; };
		376E3A2524FC906C007274A1 /* HistoryElectricityChargingViewController.swift */ = {isa = PBXFileReference; lastKnownFileType = sourcecode.swift; path = HistoryElectricityChargingViewController.swift; sourceTree = "<group>"; };
		A2EB86E1C4E15A54970329DC /* Pods-SharingCharger.release.xcconfig */ = {isa = PBXFileReference; includeInIndex = 1; lastKnownFileType = text.xcconfig; name = "Pods-SharingCharger.release.xcconfig"; path = "Target Support Files/Pods-SharingCharger/Pods-SharingCharger.release.xcconfig"; sourceTree = "<group>"; };
		C65F1BA0253C53E9002F6B19 /* ChargingHistoryObject.swift */ = {isa = PBXFileReference; lastKnownFileType = sourcecode.swift; path = ChargingHistoryObject.swift; sourceTree = "<group>"; };
		C65F1BAA253C72A5002F6B19 /* SearchChargeHistoryCondition.swift */ = {isa = PBXFileReference; lastKnownFileType = sourcecode.swift; path = SearchChargeHistoryCondition.swift; sourceTree = "<group>"; };
		C65F1BAC253E87FC002F6B19 /* SearchingHistoryConditionObject.swift */ = {isa = PBXFileReference; lastKnownFileType = sourcecode.swift; path = SearchingHistoryConditionObject.swift; sourceTree = "<group>"; };
		C6633DEC252C362900F02F24 /* SearchingChargerViewController.swift */ = {isa = PBXFileReference; lastKnownFileType = sourcecode.swift; path = SearchingChargerViewController.swift; sourceTree = "<group>"; };
		C6633DEE252C7C4400F02F24 /* ChargeViewController.swift */ = {isa = PBXFileReference; lastKnownFileType = sourcecode.swift; path = ChargeViewController.swift; sourceTree = "<group>"; };
		C6633E052535381B00F02F24 /* MarkerObject.swift */ = {isa = PBXFileReference; lastKnownFileType = sourcecode.swift; path = MarkerObject.swift; sourceTree = "<group>"; };
		C6633E0D25357F8500F02F24 /* ReservationObject.swift */ = {isa = PBXFileReference; lastKnownFileType = sourcecode.swift; path = ReservationObject.swift; sourceTree = "<group>"; };
		DA09438224E1214B00671F0D /* CustomTextField.swift */ = {isa = PBXFileReference; lastKnownFileType = sourcecode.swift; path = CustomTextField.swift; sourceTree = "<group>"; };
		DA09438824E146AC00671F0D /* JoinViewController.swift */ = {isa = PBXFileReference; lastKnownFileType = sourcecode.swift; path = JoinViewController.swift; sourceTree = "<group>"; };
		DA0AF3DB2531A62400FE5FF7 /* JoinObject.swift */ = {isa = PBXFileReference; lastKnownFileType = sourcecode.swift; path = JoinObject.swift; sourceTree = "<group>"; };
		DA0AF4092531BFAE00FE5FF7 /* Utils.swift */ = {isa = PBXFileReference; lastKnownFileType = sourcecode.swift; path = Utils.swift; sourceTree = "<group>"; };
		DA0AF4222531D12C00FE5FF7 /* Interceptor.swift */ = {isa = PBXFileReference; lastKnownFileType = sourcecode.swift; path = Interceptor.swift; sourceTree = "<group>"; };
		DA1D837F251DD77B00855000 /* SearchingConditionObject.swift */ = {isa = PBXFileReference; lastKnownFileType = sourcecode.swift; path = SearchingConditionObject.swift; sourceTree = "<group>"; };
		DA26FB2224FCC0CC00D76753 /* SampleViewController.swift */ = {isa = PBXFileReference; lastKnownFileType = sourcecode.swift; path = SampleViewController.swift; sourceTree = "<group>"; };
		DA26FB2424FCC0FF00D76753 /* SampleTableViewCell.swift */ = {isa = PBXFileReference; lastKnownFileType = sourcecode.swift; path = SampleTableViewCell.swift; sourceTree = "<group>"; };
		DA26FB2724FCD5F800D76753 /* EvzBLEKit.xcframework */ = {isa = PBXFileReference; lastKnownFileType = wrapper.xcframework; name = EvzBLEKit.xcframework; path = ../EvzBLEKit.xcframework; sourceTree = "<group>"; };
		DA26FB3024FCD6AD00D76753 /* EvzBLEKit.xcframework */ = {isa = PBXFileReference; lastKnownFileType = wrapper.xcframework; path = EvzBLEKit.xcframework; sourceTree = "<group>"; };
		DA3416652508D64C0031999F /* ShadowButton.swift */ = {isa = PBXFileReference; lastKnownFileType = sourcecode.swift; path = ShadowButton.swift; sourceTree = "<group>"; };
		DA341671250A20620031999F /* ShadowView.swift */ = {isa = PBXFileReference; lastKnownFileType = sourcecode.swift; path = ShadowView.swift; sourceTree = "<group>"; };
		DA341673250B7AF00031999F /* ShadowCircleView.swift */ = {isa = PBXFileReference; lastKnownFileType = sourcecode.swift; path = ShadowCircleView.swift; sourceTree = "<group>"; };
		DA41A08B24EBB35400E7BB93 /* AppendStar.swift */ = {isa = PBXFileReference; lastKnownFileType = sourcecode.swift; path = AppendStar.swift; sourceTree = "<group>"; };
		DA41A1EF24ECF71200E7BB93 /* PasswordInitViewController.swift */ = {isa = PBXFileReference; lastKnownFileType = sourcecode.swift; path = PasswordInitViewController.swift; sourceTree = "<group>"; };
		DA4C26E5253B204500E3E79C /* FavoriteCell.swift */ = {isa = PBXFileReference; lastKnownFileType = sourcecode.swift; path = FavoriteCell.swift; sourceTree = "<group>"; };
		DAAC21D22521D4E20086055F /* LeftMenuViewController.swift */ = {isa = PBXFileReference; lastKnownFileType = sourcecode.swift; path = LeftMenuViewController.swift; sourceTree = "<group>"; };
		DABC41A424CE73F500DD366F /* SharingCharger.app */ = {isa = PBXFileReference; explicitFileType = wrapper.application; includeInIndex = 0; path = SharingCharger.app; sourceTree = BUILT_PRODUCTS_DIR; };
		DABC41A724CE73F500DD366F /* AppDelegate.swift */ = {isa = PBXFileReference; lastKnownFileType = sourcecode.swift; path = AppDelegate.swift; sourceTree = "<group>"; };
		DABC41A924CE73F500DD366F /* SceneDelegate.swift */ = {isa = PBXFileReference; lastKnownFileType = sourcecode.swift; path = SceneDelegate.swift; sourceTree = "<group>"; };
		DABC41AB24CE73F500DD366F /* LoginViewController.swift */ = {isa = PBXFileReference; lastKnownFileType = sourcecode.swift; path = LoginViewController.swift; sourceTree = "<group>"; };
		DABC41AE24CE73F500DD366F /* Base */ = {isa = PBXFileReference; lastKnownFileType = file.storyboard; name = Base; path = Base.lproj/Login.storyboard; sourceTree = "<group>"; };
		DABC41B124CE73F500DD366F /* SharingCharger.xcdatamodel */ = {isa = PBXFileReference; lastKnownFileType = wrapper.xcdatamodel; path = SharingCharger.xcdatamodel; sourceTree = "<group>"; };
		DABC41B324CE73F700DD366F /* Assets.xcassets */ = {isa = PBXFileReference; lastKnownFileType = folder.assetcatalog; path = Assets.xcassets; sourceTree = "<group>"; };
		DABC41B624CE73F700DD366F /* Base */ = {isa = PBXFileReference; lastKnownFileType = file.storyboard; name = Base; path = Base.lproj/LaunchScreen.storyboard; sourceTree = "<group>"; };
		DABC41B824CE73F700DD366F /* Info.plist */ = {isa = PBXFileReference; lastKnownFileType = text.plist.xml; path = Info.plist; sourceTree = "<group>"; };
		DAD31FF325070D410047A446 /* map_pinup_custom@3x.png */ = {isa = PBXFileReference; lastKnownFileType = image.png; path = "map_pinup_custom@3x.png"; sourceTree = "<group>"; };
		DAD31FF425070D410047A446 /* map_pin_custom.png */ = {isa = PBXFileReference; lastKnownFileType = image.png; path = map_pin_custom.png; sourceTree = "<group>"; };
		DAD31FF525070D410047A446 /* shadow_balloon.png */ = {isa = PBXFileReference; lastKnownFileType = image.png; path = shadow_balloon.png; sourceTree = "<group>"; };
		DAD31FF625070D410047A446 /* map_pinup.png */ = {isa = PBXFileReference; lastKnownFileType = image.png; path = map_pinup.png; sourceTree = "<group>"; };
		DAD31FF725070D410047A446 /* detail_button.png */ = {isa = PBXFileReference; lastKnownFileType = image.png; path = detail_button.png; sourceTree = "<group>"; };
		DAD31FF825070D410047A446 /* map_pin_custom@3x.png */ = {isa = PBXFileReference; lastKnownFileType = image.png; path = "map_pin_custom@3x.png"; sourceTree = "<group>"; };
		DAD31FF925070D410047A446 /* map_pinup@3x.png */ = {isa = PBXFileReference; lastKnownFileType = image.png; path = "map_pinup@3x.png"; sourceTree = "<group>"; };
		DAD31FFA25070D410047A446 /* map_pin_shadow@3x.png */ = {isa = PBXFileReference; lastKnownFileType = image.png; path = "map_pin_shadow@3x.png"; sourceTree = "<group>"; };
		DAD31FFB25070D410047A446 /* copyright.png */ = {isa = PBXFileReference; lastKnownFileType = image.png; path = copyright.png; sourceTree = "<group>"; };
		DAD31FFC25070D410047A446 /* th_line.png */ = {isa = PBXFileReference; lastKnownFileType = image.png; path = th_line.png; sourceTree = "<group>"; };
		DAD31FFD25070D410047A446 /* map_pin_red@3x.png */ = {isa = PBXFileReference; lastKnownFileType = image.png; path = "map_pin_red@3x.png"; sourceTree = "<group>"; };
		DAD31FFE25070D410047A446 /* daum_copyright.png */ = {isa = PBXFileReference; lastKnownFileType = image.png; path = daum_copyright.png; sourceTree = "<group>"; };
		DAD31FFF25070D410047A446 /* map_pin@3x.png */ = {isa = PBXFileReference; lastKnownFileType = image.png; path = "map_pin@3x.png"; sourceTree = "<group>"; };
		DAD3200025070D410047A446 /* map_present_tracking.png */ = {isa = PBXFileReference; lastKnownFileType = image.png; path = map_present_tracking.png; sourceTree = "<group>"; };
		DAD3200125070D410047A446 /* map_pin_red.png */ = {isa = PBXFileReference; lastKnownFileType = image.png; path = map_pin_red.png; sourceTree = "<group>"; };
		DAD3200325070D410047A446 /* MTMapPOIItem.h */ = {isa = PBXFileReference; fileEncoding = 4; lastKnownFileType = sourcecode.c.h; path = MTMapPOIItem.h; sourceTree = "<group>"; };
		DAD3200425070D410047A446 /* MTMapCameraUpdate.h */ = {isa = PBXFileReference; fileEncoding = 4; lastKnownFileType = sourcecode.c.h; path = MTMapCameraUpdate.h; sourceTree = "<group>"; };
		DAD3200525070D410047A446 /* MTMapReverseGeoCoder.h */ = {isa = PBXFileReference; fileEncoding = 4; lastKnownFileType = sourcecode.c.h; path = MTMapReverseGeoCoder.h; sourceTree = "<group>"; };
		DAD3200625070D410047A446 /* MTMapPolyline.h */ = {isa = PBXFileReference; fileEncoding = 4; lastKnownFileType = sourcecode.c.h; path = MTMapPolyline.h; sourceTree = "<group>"; };
		DAD3200725070D410047A446 /* MTMapLocationMarkerItem.h */ = {isa = PBXFileReference; fileEncoding = 4; lastKnownFileType = sourcecode.c.h; path = MTMapLocationMarkerItem.h; sourceTree = "<group>"; };
		DAD3200825070D410047A446 /* MTMapView.h */ = {isa = PBXFileReference; fileEncoding = 4; lastKnownFileType = sourcecode.c.h; path = MTMapView.h; sourceTree = "<group>"; };
		DAD3200925070D410047A446 /* MTMapGeometry.h */ = {isa = PBXFileReference; fileEncoding = 4; lastKnownFileType = sourcecode.c.h; path = MTMapGeometry.h; sourceTree = "<group>"; };
		DAD3200A25070D410047A446 /* MTMapCircle.h */ = {isa = PBXFileReference; fileEncoding = 4; lastKnownFileType = sourcecode.c.h; path = MTMapCircle.h; sourceTree = "<group>"; };
		DAD3200B25070D410047A446 /* info_box.png */ = {isa = PBXFileReference; lastKnownFileType = image.png; path = info_box.png; sourceTree = "<group>"; };
		DAD3200C25070D410047A446 /* point_sprite.png */ = {isa = PBXFileReference; lastKnownFileType = image.png; path = point_sprite.png; sourceTree = "<group>"; };
		DAD3200D25070D410047A446 /* map_pinup_custom.png */ = {isa = PBXFileReference; lastKnownFileType = image.png; path = map_pinup_custom.png; sourceTree = "<group>"; };
		DAD3200E25070D410047A446 /* info_box_tail.png */ = {isa = PBXFileReference; lastKnownFileType = image.png; path = info_box_tail.png; sourceTree = "<group>"; };
		DAD3200F25070D410047A446 /* noimage256.png */ = {isa = PBXFileReference; lastKnownFileType = image.png; path = noimage256.png; sourceTree = "<group>"; };
		DAD3201025070D410047A446 /* map_present_direction.png */ = {isa = PBXFileReference; lastKnownFileType = image.png; path = map_present_direction.png; sourceTree = "<group>"; };
		DAD3201125070D410047A446 /* map_pin.png */ = {isa = PBXFileReference; lastKnownFileType = image.png; path = map_pin.png; sourceTree = "<group>"; };
		DAD3201225070D410047A446 /* map_present.png */ = {isa = PBXFileReference; lastKnownFileType = image.png; path = map_present.png; sourceTree = "<group>"; };
		DAD3201325070D410047A446 /* noimage.png */ = {isa = PBXFileReference; lastKnownFileType = image.png; path = noimage.png; sourceTree = "<group>"; };
		DAD3201425070D410047A446 /* map_present_background_update.png */ = {isa = PBXFileReference; lastKnownFileType = image.png; path = map_present_background_update.png; sourceTree = "<group>"; };
		DAD3201525070D410047A446 /* daum_th_line.png */ = {isa = PBXFileReference; lastKnownFileType = image.png; path = daum_th_line.png; sourceTree = "<group>"; };
		DAD3201625070D410047A446 /* map_pin_shadow.png */ = {isa = PBXFileReference; lastKnownFileType = image.png; path = map_pin_shadow.png; sourceTree = "<group>"; };
		DAD3201725070D410047A446 /* DaumMap.framework */ = {isa = PBXFileReference; lastKnownFileType = wrapper.framework; path = DaumMap.framework; sourceTree = "<group>"; };
		DAD320AF250747CD0047A446 /* Metal.framework */ = {isa = PBXFileReference; lastKnownFileType = wrapper.framework; name = Metal.framework; path = System/Library/Frameworks/Metal.framework; sourceTree = SDKROOT; };
		DAD320B1250747D60047A446 /* QuartzCore.framework */ = {isa = PBXFileReference; lastKnownFileType = wrapper.framework; name = QuartzCore.framework; path = System/Library/Frameworks/QuartzCore.framework; sourceTree = SDKROOT; };
		DAD320B3250747DC0047A446 /* CoreLocation.framework */ = {isa = PBXFileReference; lastKnownFileType = wrapper.framework; name = CoreLocation.framework; path = System/Library/Frameworks/CoreLocation.framework; sourceTree = SDKROOT; };
		DAD320B5250747E60047A446 /* SystemConfiguration.framework */ = {isa = PBXFileReference; lastKnownFileType = wrapper.framework; name = SystemConfiguration.framework; path = System/Library/Frameworks/SystemConfiguration.framework; sourceTree = SDKROOT; };
		DAD320B7250748230047A446 /* libc++.tbd */ = {isa = PBXFileReference; lastKnownFileType = "sourcecode.text-based-dylib-definition"; name = "libc++.tbd"; path = "usr/lib/libc++.tbd"; sourceTree = SDKROOT; };
		DAD320B92507482D0047A446 /* libxml2.tbd */ = {isa = PBXFileReference; lastKnownFileType = "sourcecode.text-based-dylib-definition"; name = libxml2.tbd; path = usr/lib/libxml2.tbd; sourceTree = SDKROOT; };
		DAD320BB250748360047A446 /* libsqlite3.tbd */ = {isa = PBXFileReference; lastKnownFileType = "sourcecode.text-based-dylib-definition"; name = libsqlite3.tbd; path = usr/lib/libsqlite3.tbd; sourceTree = SDKROOT; };
		DAD320BD250748F40047A446 /* KakaoMapBridgingHeader.h */ = {isa = PBXFileReference; fileEncoding = 4; lastKnownFileType = sourcecode.c.h; path = KakaoMapBridgingHeader.h; sourceTree = "<group>"; };
		DADCD4C424F4E1E20026EFAD /* Main.storyboard */ = {isa = PBXFileReference; lastKnownFileType = file.storyboard; path = Main.storyboard; sourceTree = "<group>"; };
		DADCD4C624F4E2080026EFAD /* MainViewController.swift */ = {isa = PBXFileReference; lastKnownFileType = sourcecode.swift; path = MainViewController.swift; sourceTree = "<group>"; };
		DADCD4F124F554710026EFAD /* ReservationViewController.swift */ = {isa = PBXFileReference; lastKnownFileType = sourcecode.swift; path = ReservationViewController.swift; sourceTree = "<group>"; };
		DAF0F3F7250E1E540055226F /* SearchingConditionViewController.swift */ = {isa = PBXFileReference; lastKnownFileType = sourcecode.swift; path = SearchingConditionViewController.swift; sourceTree = "<group>"; };
		DAF0F420250F7D720055226F /* CustomButton.swift */ = {isa = PBXFileReference; lastKnownFileType = sourcecode.swift; path = CustomButton.swift; sourceTree = "<group>"; };
		DAF4D9CC252C360700B4D218 /* BottomSheetView.swift */ = {isa = PBXFileReference; fileEncoding = 4; lastKnownFileType = sourcecode.swift; path = BottomSheetView.swift; sourceTree = "<group>"; };
		DAF4D9CD252C360700B4D218 /* SpringAnimator.swift */ = {isa = PBXFileReference; fileEncoding = 4; lastKnownFileType = sourcecode.swift; path = SpringAnimator.swift; sourceTree = "<group>"; };
		DAF4D9CE252C360700B4D218 /* BottomSheetCalculator.swift */ = {isa = PBXFileReference; fileEncoding = 4; lastKnownFileType = sourcecode.swift; path = BottomSheetCalculator.swift; sourceTree = "<group>"; };
		DAF4D9CF252C360700B4D218 /* TranslationTarget.swift */ = {isa = PBXFileReference; fileEncoding = 4; lastKnownFileType = sourcecode.swift; path = TranslationTarget.swift; sourceTree = "<group>"; };
		DAF4D9D4252C56E300B4D218 /* ChargerContentView.swift */ = {isa = PBXFileReference; lastKnownFileType = sourcecode.swift; path = ChargerContentView.swift; sourceTree = "<group>"; };
		DAF563D025426F1800BDE08D /* ReservationPopupViewController.swift */ = {isa = PBXFileReference; lastKnownFileType = sourcecode.swift; path = ReservationPopupViewController.swift; sourceTree = "<group>"; };
		DAF563D22542CEC100BDE08D /* ChargerObject.swift */ = {isa = PBXFileReference; lastKnownFileType = sourcecode.swift; path = ChargerObject.swift; sourceTree = "<group>"; };
		DAFED5E9253567D400D5A335 /* FavoriteViewController.swift */ = {isa = PBXFileReference; lastKnownFileType = sourcecode.swift; path = FavoriteViewController.swift; sourceTree = "<group>"; };
		DAFED5F52535910D00D5A335 /* FavoriteObject.swift */ = {isa = PBXFileReference; lastKnownFileType = sourcecode.swift; path = FavoriteObject.swift; sourceTree = "<group>"; };
		E150F99499B36EF9DEE2F892 /* Pods_SharingCharger.framework */ = {isa = PBXFileReference; explicitFileType = wrapper.framework; includeInIndex = 0; path = Pods_SharingCharger.framework; sourceTree = BUILT_PRODUCTS_DIR; };
/* End PBXFileReference section */

/* Begin PBXFrameworksBuildPhase section */
		DABC41A124CE73F500DD366F /* Frameworks */ = {
			isa = PBXFrameworksBuildPhase;
			buildActionMask = 2147483647;
			files = (
				DAD320BC250748360047A446 /* libsqlite3.tbd in Frameworks */,
				DAD320BA2507482D0047A446 /* libxml2.tbd in Frameworks */,
				DAD320B8250748230047A446 /* libc++.tbd in Frameworks */,
				DAD320B6250747E60047A446 /* SystemConfiguration.framework in Frameworks */,
				DAD320B4250747DC0047A446 /* CoreLocation.framework in Frameworks */,
				DAD320B2250747D60047A446 /* QuartzCore.framework in Frameworks */,
				DAD320B0250747CD0047A446 /* Metal.framework in Frameworks */,
				DA26FB3224FCD6B400D76753 /* EvzBLEKit.xcframework in Frameworks */,
				DAD3203325070D410047A446 /* DaumMap.framework in Frameworks */,
				96A289B377796E4505BB738D /* Pods_SharingCharger.framework in Frameworks */,
			);
			runOnlyForDeploymentPostprocessing = 0;
		};
/* End PBXFrameworksBuildPhase section */

/* Begin PBXGroup section */
		6F2778561FDF4EE778A01B95 /* Frameworks */ = {
			isa = PBXGroup;
			children = (
				DAD320BB250748360047A446 /* libsqlite3.tbd */,
				DAD320B92507482D0047A446 /* libxml2.tbd */,
				DAD320B7250748230047A446 /* libc++.tbd */,
				DAD320B5250747E60047A446 /* SystemConfiguration.framework */,
				DAD320B3250747DC0047A446 /* CoreLocation.framework */,
				DAD320B1250747D60047A446 /* QuartzCore.framework */,
				DAD320AF250747CD0047A446 /* Metal.framework */,
				DA26FB2724FCD5F800D76753 /* EvzBLEKit.xcframework */,
				E150F99499B36EF9DEE2F892 /* Pods_SharingCharger.framework */,
			);
			name = Frameworks;
			sourceTree = "<group>";
		};
		C26971B864C6A78C055C6FEB /* Pods */ = {
			isa = PBXGroup;
			children = (
				0E3E6427A6C3A592D0F58D84 /* Pods-SharingCharger.debug.xcconfig */,
				A2EB86E1C4E15A54970329DC /* Pods-SharingCharger.release.xcconfig */,
			);
			path = Pods;
			sourceTree = "<group>";
		};
		DA26FB2624FCD20500D76753 /* Library */ = {
			isa = PBXGroup;
			children = (
				DAF4D9CB252C35B300B4D218 /* BottomSheet */,
				DAD31FF125070D410047A446 /* DaumMap.embeddedframework */,
				DA26FB3024FCD6AD00D76753 /* EvzBLEKit.xcframework */,
			);
			path = Library;
			sourceTree = "<group>";
		};
		DA34166C2509FDDB0031999F /* Object */ = {
			isa = PBXGroup;
			children = (
				DA0AF3DB2531A62400FE5FF7 /* JoinObject.swift */,
				DA1D837F251DD77B00855000 /* SearchingConditionObject.swift */,
				C6633E052535381B00F02F24 /* MarkerObject.swift */,
				C6633E0D25357F8500F02F24 /* ReservationObject.swift */,
				DAFED5F52535910D00D5A335 /* FavoriteObject.swift */,
				C65F1BA0253C53E9002F6B19 /* ChargingHistoryObject.swift */,
				C65F1BAC253E87FC002F6B19 /* SearchingHistoryConditionObject.swift */,
				DAF563D22542CEC100BDE08D /* ChargerObject.swift */,
			);
			name = Object;
			sourceTree = "<group>";
		};
		DA41A1EA24EBDA2F00E7BB93 /* Util */ = {
			isa = PBXGroup;
			children = (
				DA41A08B24EBB35400E7BB93 /* AppendStar.swift */,
				DAF4D9D4252C56E300B4D218 /* ChargerContentView.swift */,
				DAF0F420250F7D720055226F /* CustomButton.swift */,
				DA09438224E1214B00671F0D /* CustomTextField.swift */,
				DA0AF4222531D12C00FE5FF7 /* Interceptor.swift */,
				DA3416652508D64C0031999F /* ShadowButton.swift */,
				DA341673250B7AF00031999F /* ShadowCircleView.swift */,
				DA341671250A20620031999F /* ShadowView.swift */,
				DA0AF4092531BFAE00FE5FF7 /* Utils.swift */,
			);
			name = Util;
			sourceTree = "<group>";
		};
		DA41A1EC24EBDA3600E7BB93 /* ViewController */ = {
			isa = PBXGroup;
			children = (
				C6633DEE252C7C4400F02F24 /* ChargeViewController.swift */,
				DAFED5E9253567D400D5A335 /* FavoriteViewController.swift */,
				376E3A2524FC906C007274A1 /* HistoryElectricityChargingViewController.swift */,
				37201B7824FC95DD000A3F08 /* HistoryElectricityTableCell.swift */,
				37373FAD24FB50C900181756 /* HistoryPointTableCell.swift */,
				37373FAC24FB50C900181756 /* HistoryPointViewController.swift */,
				DA09438824E146AC00671F0D /* JoinViewController.swift */,
				DAAC21D22521D4E20086055F /* LeftMenuViewController.swift */,
				DABC41AB24CE73F500DD366F /* LoginViewController.swift */,
				DADCD4C624F4E2080026EFAD /* MainViewController.swift */,
				DA41A1EF24ECF71200E7BB93 /* PasswordInitViewController.swift */,
				DAF563D025426F1800BDE08D /* ReservationPopupViewController.swift */,
				DADCD4F124F554710026EFAD /* ReservationViewController.swift */,
				DA26FB2424FCC0FF00D76753 /* SampleTableViewCell.swift */,
				DA26FB2224FCC0CC00D76753 /* SampleViewController.swift */,
				C6633DEC252C362900F02F24 /* SearchingChargerViewController.swift */,
				DAF0F3F7250E1E540055226F /* SearchingConditionViewController.swift */,
				372D309124F6324000CEB232 /* SettingViewController.swift */,
				C65F1BAA253C72A5002F6B19 /* SearchChargeHistoryCondition.swift */,
			);
			name = ViewController;
			sourceTree = "<group>";
		};
		DA41A1EE24EBDA3A00E7BB93 /* Storyboard */ = {
			isa = PBXGroup;
			children = (
				DABC41B524CE73F700DD366F /* LaunchScreen.storyboard */,
				DABC41AD24CE73F500DD366F /* Login.storyboard */,
				DADCD4C424F4E1E20026EFAD /* Main.storyboard */,
			);
			name = Storyboard;
			sourceTree = "<group>";
		};
		DA4C26E4253B1F9500E3E79C /* Cell */ = {
			isa = PBXGroup;
			children = (
				DA4C26E5253B204500E3E79C /* FavoriteCell.swift */,
			);
			name = Cell;
			sourceTree = "<group>";
		};
		DABC419B24CE73F500DD366F = {
			isa = PBXGroup;
			children = (
				DABC41A624CE73F500DD366F /* SharingCharger */,
				DABC41A524CE73F500DD366F /* Products */,
				C26971B864C6A78C055C6FEB /* Pods */,
				6F2778561FDF4EE778A01B95 /* Frameworks */,
			);
			sourceTree = "<group>";
		};
		DABC41A524CE73F500DD366F /* Products */ = {
			isa = PBXGroup;
			children = (
				DABC41A424CE73F500DD366F /* SharingCharger.app */,
			);
			name = Products;
			sourceTree = "<group>";
		};
		DABC41A624CE73F500DD366F /* SharingCharger */ = {
			isa = PBXGroup;
			children = (
				DABC41A724CE73F500DD366F /* AppDelegate.swift */,
				DABC41B324CE73F700DD366F /* Assets.xcassets */,
				DABC41B824CE73F700DD366F /* Info.plist */,
				DAD320BD250748F40047A446 /* KakaoMapBridgingHeader.h */,
				DA4C26E4253B1F9500E3E79C /* Cell */,
				DA26FB2624FCD20500D76753 /* Library */,
				DABC41A924CE73F500DD366F /* SceneDelegate.swift */,
				DABC41B024CE73F500DD366F /* SharingCharger.xcdatamodeld */,
				DA41A1EE24EBDA3A00E7BB93 /* Storyboard */,
				DA34166C2509FDDB0031999F /* Object */,
				DA41A1EA24EBDA2F00E7BB93 /* Util */,
				DA41A1EC24EBDA3600E7BB93 /* ViewController */,
			);
			path = SharingCharger;
			sourceTree = "<group>";
		};
		DAD31FF125070D410047A446 /* DaumMap.embeddedframework */ = {
			isa = PBXGroup;
			children = (
				DAD31FF225070D410047A446 /* Resources */,
				DAD3201725070D410047A446 /* DaumMap.framework */,
			);
			path = DaumMap.embeddedframework;
			sourceTree = "<group>";
		};
		DAD31FF225070D410047A446 /* Resources */ = {
			isa = PBXGroup;
			children = (
				DAD31FF325070D410047A446 /* map_pinup_custom@3x.png */,
				DAD31FF425070D410047A446 /* map_pin_custom.png */,
				DAD31FF525070D410047A446 /* shadow_balloon.png */,
				DAD31FF625070D410047A446 /* map_pinup.png */,
				DAD31FF725070D410047A446 /* detail_button.png */,
				DAD31FF825070D410047A446 /* map_pin_custom@3x.png */,
				DAD31FF925070D410047A446 /* map_pinup@3x.png */,
				DAD31FFA25070D410047A446 /* map_pin_shadow@3x.png */,
				DAD31FFB25070D410047A446 /* copyright.png */,
				DAD31FFC25070D410047A446 /* th_line.png */,
				DAD31FFD25070D410047A446 /* map_pin_red@3x.png */,
				DAD31FFE25070D410047A446 /* daum_copyright.png */,
				DAD31FFF25070D410047A446 /* map_pin@3x.png */,
				DAD3200025070D410047A446 /* map_present_tracking.png */,
				DAD3200125070D410047A446 /* map_pin_red.png */,
				DAD3200225070D410047A446 /* Headers */,
				DAD3200B25070D410047A446 /* info_box.png */,
				DAD3200C25070D410047A446 /* point_sprite.png */,
				DAD3200D25070D410047A446 /* map_pinup_custom.png */,
				DAD3200E25070D410047A446 /* info_box_tail.png */,
				DAD3200F25070D410047A446 /* noimage256.png */,
				DAD3201025070D410047A446 /* map_present_direction.png */,
				DAD3201125070D410047A446 /* map_pin.png */,
				DAD3201225070D410047A446 /* map_present.png */,
				DAD3201325070D410047A446 /* noimage.png */,
				DAD3201425070D410047A446 /* map_present_background_update.png */,
				DAD3201525070D410047A446 /* daum_th_line.png */,
				DAD3201625070D410047A446 /* map_pin_shadow.png */,
			);
			path = Resources;
			sourceTree = "<group>";
		};
		DAD3200225070D410047A446 /* Headers */ = {
			isa = PBXGroup;
			children = (
				DAD3200325070D410047A446 /* MTMapPOIItem.h */,
				DAD3200425070D410047A446 /* MTMapCameraUpdate.h */,
				DAD3200525070D410047A446 /* MTMapReverseGeoCoder.h */,
				DAD3200625070D410047A446 /* MTMapPolyline.h */,
				DAD3200725070D410047A446 /* MTMapLocationMarkerItem.h */,
				DAD3200825070D410047A446 /* MTMapView.h */,
				DAD3200925070D410047A446 /* MTMapGeometry.h */,
				DAD3200A25070D410047A446 /* MTMapCircle.h */,
			);
			path = Headers;
			sourceTree = "<group>";
		};
		DAF4D9CB252C35B300B4D218 /* BottomSheet */ = {
			isa = PBXGroup;
			children = (
				DAF4D9CE252C360700B4D218 /* BottomSheetCalculator.swift */,
				DAF4D9CC252C360700B4D218 /* BottomSheetView.swift */,
				DAF4D9CD252C360700B4D218 /* SpringAnimator.swift */,
				DAF4D9CF252C360700B4D218 /* TranslationTarget.swift */,
			);
			name = BottomSheet;
			sourceTree = "<group>";
		};
/* End PBXGroup section */

/* Begin PBXNativeTarget section */
		DABC41A324CE73F500DD366F /* SharingCharger */ = {
			isa = PBXNativeTarget;
			buildConfigurationList = DABC41BB24CE73F700DD366F /* Build configuration list for PBXNativeTarget "SharingCharger" */;
			buildPhases = (
				8FB75098720321C106980ECA /* [CP] Check Pods Manifest.lock */,
				DABC41A024CE73F500DD366F /* Sources */,
				DABC41A124CE73F500DD366F /* Frameworks */,
				DABC41A224CE73F500DD366F /* Resources */,
				045C1485EE8DCC341BCD80E3 /* [CP] Embed Pods Frameworks */,
				DA26FB3424FCD6B400D76753 /* Embed Frameworks */,
			);
			buildRules = (
			);
			dependencies = (
			);
			name = SharingCharger;
			productName = SharingCharger;
			productReference = DABC41A424CE73F500DD366F /* SharingCharger.app */;
			productType = "com.apple.product-type.application";
		};
/* End PBXNativeTarget section */

/* Begin PBXProject section */
		DABC419C24CE73F500DD366F /* Project object */ = {
			isa = PBXProject;
			attributes = {
				LastSwiftUpdateCheck = 1160;
				LastUpgradeCheck = 1160;
				ORGANIZATIONNAME = metisinfo;
				TargetAttributes = {
					DABC41A324CE73F500DD366F = {
						CreatedOnToolsVersion = 11.6;
					};
				};
			};
			buildConfigurationList = DABC419F24CE73F500DD366F /* Build configuration list for PBXProject "SharingCharger" */;
			compatibilityVersion = "Xcode 9.3";
			developmentRegion = en;
			hasScannedForEncodings = 0;
			knownRegions = (
				en,
				Base,
			);
			mainGroup = DABC419B24CE73F500DD366F;
			productRefGroup = DABC41A524CE73F500DD366F /* Products */;
			projectDirPath = "";
			projectRoot = "";
			targets = (
				DABC41A324CE73F500DD366F /* SharingCharger */,
			);
		};
/* End PBXProject section */

/* Begin PBXResourcesBuildPhase section */
		DABC41A224CE73F500DD366F /* Resources */ = {
			isa = PBXResourcesBuildPhase;
			buildActionMask = 2147483647;
			files = (
				DAD3201A25070D410047A446 /* shadow_balloon.png in Resources */,
				DAD3202025070D410047A446 /* copyright.png in Resources */,
				DAD3202E25070D410047A446 /* map_present.png in Resources */,
				DAD3202625070D410047A446 /* map_pin_red.png in Resources */,
				DAD3203225070D410047A446 /* map_pin_shadow.png in Resources */,
				DAD3201B25070D410047A446 /* map_pinup.png in Resources */,
				DAD3202225070D410047A446 /* map_pin_red@3x.png in Resources */,
				DAD3202325070D410047A446 /* daum_copyright.png in Resources */,
				DAD3202525070D410047A446 /* map_present_tracking.png in Resources */,
				DAD3203125070D410047A446 /* daum_th_line.png in Resources */,
				DAD3202425070D410047A446 /* map_pin@3x.png in Resources */,
				DABC41B724CE73F700DD366F /* LaunchScreen.storyboard in Resources */,
				DAD3201C25070D410047A446 /* detail_button.png in Resources */,
				DAD3202125070D410047A446 /* th_line.png in Resources */,
				DAD3203025070D410047A446 /* map_present_background_update.png in Resources */,
				DAD3202725070D410047A446 /* info_box.png in Resources */,
				DAD3202925070D410047A446 /* map_pinup_custom.png in Resources */,
				DAD3202F25070D410047A446 /* noimage.png in Resources */,
				DABC41B424CE73F700DD366F /* Assets.xcassets in Resources */,
				DAD3202A25070D410047A446 /* info_box_tail.png in Resources */,
				DAD3202C25070D410047A446 /* map_present_direction.png in Resources */,
				DABC41AF24CE73F500DD366F /* Login.storyboard in Resources */,
				DADCD4C524F4E1E20026EFAD /* Main.storyboard in Resources */,
				DAD3202D25070D410047A446 /* map_pin.png in Resources */,
				DAD3201E25070D410047A446 /* map_pinup@3x.png in Resources */,
				DAD3201F25070D410047A446 /* map_pin_shadow@3x.png in Resources */,
				DAD3201D25070D410047A446 /* map_pin_custom@3x.png in Resources */,
				DAD3201825070D410047A446 /* map_pinup_custom@3x.png in Resources */,
				DAD3201925070D410047A446 /* map_pin_custom.png in Resources */,
				DAD3202B25070D410047A446 /* noimage256.png in Resources */,
				DAD3202825070D410047A446 /* point_sprite.png in Resources */,
			);
			runOnlyForDeploymentPostprocessing = 0;
		};
/* End PBXResourcesBuildPhase section */

/* Begin PBXShellScriptBuildPhase section */
		045C1485EE8DCC341BCD80E3 /* [CP] Embed Pods Frameworks */ = {
			isa = PBXShellScriptBuildPhase;
			buildActionMask = 2147483647;
			files = (
			);
			inputFileListPaths = (
				"${PODS_ROOT}/Target Support Files/Pods-SharingCharger/Pods-SharingCharger-frameworks-${CONFIGURATION}-input-files.xcfilelist",
			);
			name = "[CP] Embed Pods Frameworks";
			outputFileListPaths = (
				"${PODS_ROOT}/Target Support Files/Pods-SharingCharger/Pods-SharingCharger-frameworks-${CONFIGURATION}-output-files.xcfilelist",
			);
			runOnlyForDeploymentPostprocessing = 0;
			shellPath = /bin/sh;
			shellScript = "\"${PODS_ROOT}/Target Support Files/Pods-SharingCharger/Pods-SharingCharger-frameworks.sh\"\n";
			showEnvVarsInLog = 0;
		};
		8FB75098720321C106980ECA /* [CP] Check Pods Manifest.lock */ = {
			isa = PBXShellScriptBuildPhase;
			buildActionMask = 2147483647;
			files = (
			);
			inputFileListPaths = (
			);
			inputPaths = (
				"${PODS_PODFILE_DIR_PATH}/Podfile.lock",
				"${PODS_ROOT}/Manifest.lock",
			);
			name = "[CP] Check Pods Manifest.lock";
			outputFileListPaths = (
			);
			outputPaths = (
				"$(DERIVED_FILE_DIR)/Pods-SharingCharger-checkManifestLockResult.txt",
			);
			runOnlyForDeploymentPostprocessing = 0;
			shellPath = /bin/sh;
			shellScript = "diff \"${PODS_PODFILE_DIR_PATH}/Podfile.lock\" \"${PODS_ROOT}/Manifest.lock\" > /dev/null\nif [ $? != 0 ] ; then\n    # print error to STDERR\n    echo \"error: The sandbox is not in sync with the Podfile.lock. Run 'pod install' or update your CocoaPods installation.\" >&2\n    exit 1\nfi\n# This output is used by Xcode 'outputs' to avoid re-running this script phase.\necho \"SUCCESS\" > \"${SCRIPT_OUTPUT_FILE_0}\"\n";
			showEnvVarsInLog = 0;
		};
/* End PBXShellScriptBuildPhase section */

/* Begin PBXSourcesBuildPhase section */
		DABC41A024CE73F500DD366F /* Sources */ = {
			isa = PBXSourcesBuildPhase;
			buildActionMask = 2147483647;
			files = (
				DA341674250B7AF00031999F /* ShadowCircleView.swift in Sources */,
				DABC41AC24CE73F500DD366F /* LoginViewController.swift in Sources */,
				DABC41A824CE73F500DD366F /* AppDelegate.swift in Sources */,
				DAF563D125426F1800BDE08D /* ReservationPopupViewController.swift in Sources */,
				C6633E0E25357F8600F02F24 /* ReservationObject.swift in Sources */,
				DAF4D9D1252C360700B4D218 /* SpringAnimator.swift in Sources */,
				DA3416662508D64C0031999F /* ShadowButton.swift in Sources */,
				DA41A1F024ECF71200E7BB93 /* PasswordInitViewController.swift in Sources */,
				DABC41AA24CE73F500DD366F /* SceneDelegate.swift in Sources */,
				DA26FB2524FCC0FF00D76753 /* SampleTableViewCell.swift in Sources */,
				DABC41B224CE73F500DD366F /* SharingCharger.xcdatamodeld in Sources */,
				37373FAF24FB50C900181756 /* HistoryPointTableCell.swift in Sources */,
				DA26FB2324FCC0CC00D76753 /* SampleViewController.swift in Sources */,
				DA1D8380251DD77B00855000 /* SearchingConditionObject.swift in Sources */,
				376E3A2624FC906C007274A1 /* HistoryElectricityChargingViewController.swift in Sources */,
				DADCD4F224F554710026EFAD /* ReservationViewController.swift in Sources */,
				DA09438924E146AC00671F0D /* JoinViewController.swift in Sources */,
				C6633DEF252C7C4400F02F24 /* ChargeViewController.swift in Sources */,
				C6633E062535381B00F02F24 /* MarkerObject.swift in Sources */,
				C65F1BA1253C53E9002F6B19 /* ChargingHistoryObject.swift in Sources */,
				C6633DED252C362900F02F24 /* SearchingChargerViewController.swift in Sources */,
				DAAC21D32521D4E20086055F /* LeftMenuViewController.swift in Sources */,
				DA0AF3DC2531A62400FE5FF7 /* JoinObject.swift in Sources */,
				C65F1BAB253C72A5002F6B19 /* SearchChargeHistoryCondition.swift in Sources */,
				DADCD4C724F4E2080026EFAD /* MainViewController.swift in Sources */,
				DAF4D9D0252C360700B4D218 /* BottomSheetView.swift in Sources */,
				DAFED5EA253567D400D5A335 /* FavoriteViewController.swift in Sources */,
				37373FAE24FB50C900181756 /* HistoryPointViewController.swift in Sources */,
				DA09438324E1214B00671F0D /* CustomTextField.swift in Sources */,
				DA0AF4232531D12C00FE5FF7 /* Interceptor.swift in Sources */,
				DAFED5F62535910D00D5A335 /* FavoriteObject.swift in Sources */,
				DAF4D9D5252C56E300B4D218 /* ChargerContentView.swift in Sources */,
				C65F1BAD253E87FC002F6B19 /* SearchingHistoryConditionObject.swift in Sources */,
				DA4C26E6253B204500E3E79C /* FavoriteCell.swift in Sources */,
				DA41A08C24EBB35400E7BB93 /* AppendStar.swift in Sources */,
				DAF4D9D2252C360700B4D218 /* BottomSheetCalculator.swift in Sources */,
				372D309224F6324000CEB232 /* SettingViewController.swift in Sources */,
				DAF0F421250F7D720055226F /* CustomButton.swift in Sources */,
				DAF4D9D3252C360700B4D218 /* TranslationTarget.swift in Sources */,
				DA0AF40A2531BFAE00FE5FF7 /* Utils.swift in Sources */,
				DA341672250A20620031999F /* ShadowView.swift in Sources */,
				DAF563D32542CEC100BDE08D /* ChargerObject.swift in Sources */,
				37201B7924FC95DD000A3F08 /* HistoryElectricityTableCell.swift in Sources */,
				DAF0F3F8250E1E540055226F /* SearchingConditionViewController.swift in Sources */,
			);
			runOnlyForDeploymentPostprocessing = 0;
		};
/* End PBXSourcesBuildPhase section */

/* Begin PBXVariantGroup section */
		DABC41AD24CE73F500DD366F /* Login.storyboard */ = {
			isa = PBXVariantGroup;
			children = (
				DABC41AE24CE73F500DD366F /* Base */,
			);
			name = Login.storyboard;
			sourceTree = "<group>";
		};
		DABC41B524CE73F700DD366F /* LaunchScreen.storyboard */ = {
			isa = PBXVariantGroup;
			children = (
				DABC41B624CE73F700DD366F /* Base */,
			);
			name = LaunchScreen.storyboard;
			sourceTree = "<group>";
		};
/* End PBXVariantGroup section */

/* Begin XCBuildConfiguration section */
		DABC41B924CE73F700DD366F /* Debug */ = {
			isa = XCBuildConfiguration;
			buildSettings = {
				ALWAYS_SEARCH_USER_PATHS = NO;
				CLANG_ANALYZER_NONNULL = YES;
				CLANG_ANALYZER_NUMBER_OBJECT_CONVERSION = YES_AGGRESSIVE;
				CLANG_CXX_LANGUAGE_STANDARD = "gnu++14";
				CLANG_CXX_LIBRARY = "libc++";
				CLANG_ENABLE_MODULES = YES;
				CLANG_ENABLE_OBJC_ARC = NO;
				CLANG_ENABLE_OBJC_WEAK = YES;
				CLANG_WARN_BLOCK_CAPTURE_AUTORELEASING = YES;
				CLANG_WARN_BOOL_CONVERSION = YES;
				CLANG_WARN_COMMA = YES;
				CLANG_WARN_CONSTANT_CONVERSION = YES;
				CLANG_WARN_DEPRECATED_OBJC_IMPLEMENTATIONS = YES;
				CLANG_WARN_DIRECT_OBJC_ISA_USAGE = YES_ERROR;
				CLANG_WARN_DOCUMENTATION_COMMENTS = YES;
				CLANG_WARN_EMPTY_BODY = YES;
				CLANG_WARN_ENUM_CONVERSION = YES;
				CLANG_WARN_INFINITE_RECURSION = YES;
				CLANG_WARN_INT_CONVERSION = YES;
				CLANG_WARN_NON_LITERAL_NULL_CONVERSION = YES;
				CLANG_WARN_OBJC_IMPLICIT_RETAIN_SELF = YES;
				CLANG_WARN_OBJC_LITERAL_CONVERSION = YES;
				CLANG_WARN_OBJC_ROOT_CLASS = YES_ERROR;
				CLANG_WARN_RANGE_LOOP_ANALYSIS = YES;
				CLANG_WARN_STRICT_PROTOTYPES = YES;
				CLANG_WARN_SUSPICIOUS_MOVE = YES;
				CLANG_WARN_UNGUARDED_AVAILABILITY = YES_AGGRESSIVE;
				CLANG_WARN_UNREACHABLE_CODE = YES;
				CLANG_WARN__DUPLICATE_METHOD_MATCH = YES;
				COPY_PHASE_STRIP = NO;
				DEBUG_INFORMATION_FORMAT = dwarf;
				ENABLE_STRICT_OBJC_MSGSEND = YES;
				ENABLE_TESTABILITY = YES;
				GCC_C_LANGUAGE_STANDARD = gnu11;
				GCC_DYNAMIC_NO_PIC = NO;
				GCC_NO_COMMON_BLOCKS = YES;
				GCC_OPTIMIZATION_LEVEL = 0;
				GCC_PREPROCESSOR_DEFINITIONS = (
					"DEBUG=1",
					"$(inherited)",
				);
				GCC_WARN_64_TO_32_BIT_CONVERSION = YES;
				GCC_WARN_ABOUT_RETURN_TYPE = YES_ERROR;
				GCC_WARN_UNDECLARED_SELECTOR = YES;
				GCC_WARN_UNINITIALIZED_AUTOS = YES_AGGRESSIVE;
				GCC_WARN_UNUSED_FUNCTION = YES;
				GCC_WARN_UNUSED_VARIABLE = YES;
				IPHONEOS_DEPLOYMENT_TARGET = 14.0;
				MTL_ENABLE_DEBUG_INFO = INCLUDE_SOURCE;
				MTL_FAST_MATH = YES;
				ONLY_ACTIVE_ARCH = YES;
				SDKROOT = iphoneos;
				SWIFT_ACTIVE_COMPILATION_CONDITIONS = DEBUG;
				SWIFT_OPTIMIZATION_LEVEL = "-Onone";
			};
			name = Debug;
		};
		DABC41BA24CE73F700DD366F /* Release */ = {
			isa = XCBuildConfiguration;
			buildSettings = {
				ALWAYS_SEARCH_USER_PATHS = NO;
				CLANG_ANALYZER_NONNULL = YES;
				CLANG_ANALYZER_NUMBER_OBJECT_CONVERSION = YES_AGGRESSIVE;
				CLANG_CXX_LANGUAGE_STANDARD = "gnu++14";
				CLANG_CXX_LIBRARY = "libc++";
				CLANG_ENABLE_MODULES = YES;
				CLANG_ENABLE_OBJC_ARC = NO;
				CLANG_ENABLE_OBJC_WEAK = YES;
				CLANG_WARN_BLOCK_CAPTURE_AUTORELEASING = YES;
				CLANG_WARN_BOOL_CONVERSION = YES;
				CLANG_WARN_COMMA = YES;
				CLANG_WARN_CONSTANT_CONVERSION = YES;
				CLANG_WARN_DEPRECATED_OBJC_IMPLEMENTATIONS = YES;
				CLANG_WARN_DIRECT_OBJC_ISA_USAGE = YES_ERROR;
				CLANG_WARN_DOCUMENTATION_COMMENTS = YES;
				CLANG_WARN_EMPTY_BODY = YES;
				CLANG_WARN_ENUM_CONVERSION = YES;
				CLANG_WARN_INFINITE_RECURSION = YES;
				CLANG_WARN_INT_CONVERSION = YES;
				CLANG_WARN_NON_LITERAL_NULL_CONVERSION = YES;
				CLANG_WARN_OBJC_IMPLICIT_RETAIN_SELF = YES;
				CLANG_WARN_OBJC_LITERAL_CONVERSION = YES;
				CLANG_WARN_OBJC_ROOT_CLASS = YES_ERROR;
				CLANG_WARN_RANGE_LOOP_ANALYSIS = YES;
				CLANG_WARN_STRICT_PROTOTYPES = YES;
				CLANG_WARN_SUSPICIOUS_MOVE = YES;
				CLANG_WARN_UNGUARDED_AVAILABILITY = YES_AGGRESSIVE;
				CLANG_WARN_UNREACHABLE_CODE = YES;
				CLANG_WARN__DUPLICATE_METHOD_MATCH = YES;
				COPY_PHASE_STRIP = NO;
				DEBUG_INFORMATION_FORMAT = "dwarf-with-dsym";
				ENABLE_NS_ASSERTIONS = NO;
				ENABLE_STRICT_OBJC_MSGSEND = YES;
				GCC_C_LANGUAGE_STANDARD = gnu11;
				GCC_NO_COMMON_BLOCKS = YES;
				GCC_WARN_64_TO_32_BIT_CONVERSION = YES;
				GCC_WARN_ABOUT_RETURN_TYPE = YES_ERROR;
				GCC_WARN_UNDECLARED_SELECTOR = YES;
				GCC_WARN_UNINITIALIZED_AUTOS = YES_AGGRESSIVE;
				GCC_WARN_UNUSED_FUNCTION = YES;
				GCC_WARN_UNUSED_VARIABLE = YES;
				IPHONEOS_DEPLOYMENT_TARGET = 14.0;
				MTL_ENABLE_DEBUG_INFO = NO;
				MTL_FAST_MATH = YES;
				SDKROOT = iphoneos;
				SWIFT_COMPILATION_MODE = wholemodule;
				SWIFT_OPTIMIZATION_LEVEL = "-O";
				VALIDATE_PRODUCT = YES;
			};
			name = Release;
		};
		DABC41BC24CE73F700DD366F /* Debug */ = {
			isa = XCBuildConfiguration;
			baseConfigurationReference = 0E3E6427A6C3A592D0F58D84 /* Pods-SharingCharger.debug.xcconfig */;
			buildSettings = {
				ASSETCATALOG_COMPILER_APPICON_NAME = AppIcon;
				ASSETCATALOG_COMPILER_LAUNCHIMAGE_NAME = LaunchImage;
				CODE_SIGN_STYLE = Automatic;
				CURRENT_PROJECT_VERSION = 1.0.0;
				DEVELOPMENT_TEAM = SW97KU77ZP;
				FRAMEWORK_SEARCH_PATHS = (
					"$(inherited)",
					"$(PROJECT_DIR)/SharingCharger/Library/DaumMap.embeddedframework",
				);
				INFOPLIST_FILE = SharingCharger/Info.plist;
				IPHONEOS_DEPLOYMENT_TARGET = 14.0;
				LD_RUNPATH_SEARCH_PATHS = (
					"$(inherited)",
					"@executable_path/Frameworks",
				);
				MARKETING_VERSION = 1.0.0;
				PRODUCT_BUNDLE_IDENTIFIER = kr.co.metisinfo.SharingCharger;
				PRODUCT_NAME = "$(TARGET_NAME)";
				SWIFT_OBJC_BRIDGING_HEADER = SharingCharger/KakaoMapBridgingHeader.h;
				SWIFT_VERSION = 5.0;
				TARGETED_DEVICE_FAMILY = 1;
			};
			name = Debug;
		};
		DABC41BD24CE73F700DD366F /* Release */ = {
			isa = XCBuildConfiguration;
			baseConfigurationReference = A2EB86E1C4E15A54970329DC /* Pods-SharingCharger.release.xcconfig */;
			buildSettings = {
				ASSETCATALOG_COMPILER_APPICON_NAME = AppIcon;
				ASSETCATALOG_COMPILER_LAUNCHIMAGE_NAME = LaunchImage;
				CODE_SIGN_STYLE = Automatic;
				CURRENT_PROJECT_VERSION = 1.0.0;
				DEVELOPMENT_TEAM = SW97KU77ZP;
				FRAMEWORK_SEARCH_PATHS = (
					"$(inherited)",
					"$(PROJECT_DIR)/SharingCharger/Library/DaumMap.embeddedframework",
				);
				INFOPLIST_FILE = SharingCharger/Info.plist;
				IPHONEOS_DEPLOYMENT_TARGET = 14.0;
				LD_RUNPATH_SEARCH_PATHS = (
					"$(inherited)",
					"@executable_path/Frameworks",
				);
				MARKETING_VERSION = 1.0.0;
				PRODUCT_BUNDLE_IDENTIFIER = kr.co.metisinfo.SharingCharger;
				PRODUCT_NAME = "$(TARGET_NAME)";
				SWIFT_OBJC_BRIDGING_HEADER = SharingCharger/KakaoMapBridgingHeader.h;
				SWIFT_VERSION = 5.0;
				TARGETED_DEVICE_FAMILY = 1;
			};
			name = Release;
		};
/* End XCBuildConfiguration section */

/* Begin XCConfigurationList section */
		DABC419F24CE73F500DD366F /* Build configuration list for PBXProject "SharingCharger" */ = {
			isa = XCConfigurationList;
			buildConfigurations = (
				DABC41B924CE73F700DD366F /* Debug */,
				DABC41BA24CE73F700DD366F /* Release */,
			);
			defaultConfigurationIsVisible = 0;
			defaultConfigurationName = Release;
		};
		DABC41BB24CE73F700DD366F /* Build configuration list for PBXNativeTarget "SharingCharger" */ = {
			isa = XCConfigurationList;
			buildConfigurations = (
				DABC41BC24CE73F700DD366F /* Debug */,
				DABC41BD24CE73F700DD366F /* Release */,
			);
			defaultConfigurationIsVisible = 0;
			defaultConfigurationName = Release;
		};
/* End XCConfigurationList section */

/* Begin XCVersionGroup section */
		DABC41B024CE73F500DD366F /* SharingCharger.xcdatamodeld */ = {
			isa = XCVersionGroup;
			children = (
				DABC41B124CE73F500DD366F /* SharingCharger.xcdatamodel */,
			);
			currentVersion = DABC41B124CE73F500DD366F /* SharingCharger.xcdatamodel */;
			path = SharingCharger.xcdatamodeld;
			sourceTree = "<group>";
			versionGroupType = wrapper.xcdatamodel;
		};
/* End XCVersionGroup section */
	};
	rootObject = DABC419C24CE73F500DD366F /* Project object */;
}
