// !$*UTF8*$!
{
	archiveVersion = 1;
	classes = {
	};
	objectVersion = 51;
	objects = {

/* Begin PBXBuildFile section */
		96A289B377796E4505BB738D /* Pods_SharingCharger.framework in Frameworks */ = {isa = PBXBuildFile; fileRef = E150F99499B36EF9DEE2F892 /* Pods_SharingCharger.framework */; };
		DA09438324E1214B00671F0D /* CustomTextField.swift in Sources */ = {isa = PBXBuildFile; fileRef = DA09438224E1214B00671F0D /* CustomTextField.swift */; };
		DA09438924E146AC00671F0D /* JoinViewController.swift in Sources */ = {isa = PBXBuildFile; fileRef = DA09438824E146AC00671F0D /* JoinViewController.swift */; };
		DA41A08C24EBB35400E7BB93 /* AppendStar.swift in Sources */ = {isa = PBXBuildFile; fileRef = DA41A08B24EBB35400E7BB93 /* AppendStar.swift */; };
		DA41A1F024ECF71200E7BB93 /* PasswordInitViewController.swift in Sources */ = {isa = PBXBuildFile; fileRef = DA41A1EF24ECF71200E7BB93 /* PasswordInitViewController.swift */; };
		DABC41A824CE73F500DD366F /* AppDelegate.swift in Sources */ = {isa = PBXBuildFile; fileRef = DABC41A724CE73F500DD366F /* AppDelegate.swift */; };
		DABC41AA24CE73F500DD366F /* SceneDelegate.swift in Sources */ = {isa = PBXBuildFile; fileRef = DABC41A924CE73F500DD366F /* SceneDelegate.swift */; };
		DABC41AC24CE73F500DD366F /* LoginViewController.swift in Sources */ = {isa = PBXBuildFile; fileRef = DABC41AB24CE73F500DD366F /* LoginViewController.swift */; };
		DABC41AF24CE73F500DD366F /* Login.storyboard in Resources */ = {isa = PBXBuildFile; fileRef = DABC41AD24CE73F500DD366F /* Login.storyboard */; };
		DABC41B224CE73F500DD366F /* SharingCharger.xcdatamodeld in Sources */ = {isa = PBXBuildFile; fileRef = DABC41B024CE73F500DD366F /* SharingCharger.xcdatamodeld */; };
		DABC41B424CE73F700DD366F /* Assets.xcassets in Resources */ = {isa = PBXBuildFile; fileRef = DABC41B324CE73F700DD366F /* Assets.xcassets */; };
		DABC41B724CE73F700DD366F /* LaunchScreen.storyboard in Resources */ = {isa = PBXBuildFile; fileRef = DABC41B524CE73F700DD366F /* LaunchScreen.storyboard */; };
		DADCD4C524F4E1E20026EFAD /* Main.storyboard in Resources */ = {isa = PBXBuildFile; fileRef = DADCD4C424F4E1E20026EFAD /* Main.storyboard */; };
		DADCD4C724F4E2080026EFAD /* MainViewController.swift in Sources */ = {isa = PBXBuildFile; fileRef = DADCD4C624F4E2080026EFAD /* MainViewController.swift */; };
		DADCD4F224F554710026EFAD /* ReservationViewController.swift in Sources */ = {isa = PBXBuildFile; fileRef = DADCD4F124F554710026EFAD /* ReservationViewController.swift */; };
/* End PBXBuildFile section */

/* Begin PBXFileReference section */
		0E3E6427A6C3A592D0F58D84 /* Pods-SharingCharger.debug.xcconfig */ = {isa = PBXFileReference; includeInIndex = 1; lastKnownFileType = text.xcconfig; name = "Pods-SharingCharger.debug.xcconfig"; path = "Target Support Files/Pods-SharingCharger/Pods-SharingCharger.debug.xcconfig"; sourceTree = "<group>"; };
		A2EB86E1C4E15A54970329DC /* Pods-SharingCharger.release.xcconfig */ = {isa = PBXFileReference; includeInIndex = 1; lastKnownFileType = text.xcconfig; name = "Pods-SharingCharger.release.xcconfig"; path = "Target Support Files/Pods-SharingCharger/Pods-SharingCharger.release.xcconfig"; sourceTree = "<group>"; };
		DA09438224E1214B00671F0D /* CustomTextField.swift */ = {isa = PBXFileReference; lastKnownFileType = sourcecode.swift; path = CustomTextField.swift; sourceTree = "<group>"; };
		DA09438824E146AC00671F0D /* JoinViewController.swift */ = {isa = PBXFileReference; lastKnownFileType = sourcecode.swift; path = JoinViewController.swift; sourceTree = "<group>"; };
		DA41A08B24EBB35400E7BB93 /* AppendStar.swift */ = {isa = PBXFileReference; lastKnownFileType = sourcecode.swift; path = AppendStar.swift; sourceTree = "<group>"; };
		DA41A1EF24ECF71200E7BB93 /* PasswordInitViewController.swift */ = {isa = PBXFileReference; lastKnownFileType = sourcecode.swift; path = PasswordInitViewController.swift; sourceTree = "<group>"; };
		DABC41A424CE73F500DD366F /* SharingCharger.app */ = {isa = PBXFileReference; explicitFileType = wrapper.application; includeInIndex = 0; path = SharingCharger.app; sourceTree = BUILT_PRODUCTS_DIR; };
		DABC41A724CE73F500DD366F /* AppDelegate.swift */ = {isa = PBXFileReference; lastKnownFileType = sourcecode.swift; path = AppDelegate.swift; sourceTree = "<group>"; };
		DABC41A924CE73F500DD366F /* SceneDelegate.swift */ = {isa = PBXFileReference; lastKnownFileType = sourcecode.swift; path = SceneDelegate.swift; sourceTree = "<group>"; };
		DABC41AB24CE73F500DD366F /* LoginViewController.swift */ = {isa = PBXFileReference; lastKnownFileType = sourcecode.swift; path = LoginViewController.swift; sourceTree = "<group>"; };
		DABC41AE24CE73F500DD366F /* Base */ = {isa = PBXFileReference; lastKnownFileType = file.storyboard; name = Base; path = Base.lproj/Login.storyboard; sourceTree = "<group>"; };
		DABC41B124CE73F500DD366F /* SharingCharger.xcdatamodel */ = {isa = PBXFileReference; lastKnownFileType = wrapper.xcdatamodel; path = SharingCharger.xcdatamodel; sourceTree = "<group>"; };
		DABC41B324CE73F700DD366F /* Assets.xcassets */ = {isa = PBXFileReference; lastKnownFileType = folder.assetcatalog; path = Assets.xcassets; sourceTree = "<group>"; };
		DABC41B624CE73F700DD366F /* Base */ = {isa = PBXFileReference; lastKnownFileType = file.storyboard; name = Base; path = Base.lproj/LaunchScreen.storyboard; sourceTree = "<group>"; };
		DABC41B824CE73F700DD366F /* Info.plist */ = {isa = PBXFileReference; lastKnownFileType = text.plist.xml; path = Info.plist; sourceTree = "<group>"; };
		DADCD4C424F4E1E20026EFAD /* Main.storyboard */ = {isa = PBXFileReference; lastKnownFileType = file.storyboard; path = Main.storyboard; sourceTree = "<group>"; };
		DADCD4C624F4E2080026EFAD /* MainViewController.swift */ = {isa = PBXFileReference; lastKnownFileType = sourcecode.swift; path = MainViewController.swift; sourceTree = "<group>"; };
		DADCD4F124F554710026EFAD /* ReservationViewController.swift */ = {isa = PBXFileReference; lastKnownFileType = sourcecode.swift; path = ReservationViewController.swift; sourceTree = "<group>"; };
		E150F99499B36EF9DEE2F892 /* Pods_SharingCharger.framework */ = {isa = PBXFileReference; explicitFileType = wrapper.framework; includeInIndex = 0; path = Pods_SharingCharger.framework; sourceTree = BUILT_PRODUCTS_DIR; };
/* End PBXFileReference section */

/* Begin PBXFrameworksBuildPhase section */
		DABC41A124CE73F500DD366F /* Frameworks */ = {
			isa = PBXFrameworksBuildPhase;
			buildActionMask = 2147483647;
			files = (
				96A289B377796E4505BB738D /* Pods_SharingCharger.framework in Frameworks */,
			);
			runOnlyForDeploymentPostprocessing = 0;
		};
/* End PBXFrameworksBuildPhase section */

/* Begin PBXGroup section */
		6F2778561FDF4EE778A01B95 /* Frameworks */ = {
			isa = PBXGroup;
			children = (
				E150F99499B36EF9DEE2F892 /* Pods_SharingCharger.framework */,
			);
			name = Frameworks;
			sourceTree = "<group>";
		};
		C26971B864C6A78C055C6FEB /* Pods */ = {
			isa = PBXGroup;
			children = (
				0E3E6427A6C3A592D0F58D84 /* Pods-SharingCharger.debug.xcconfig */,
				A2EB86E1C4E15A54970329DC /* Pods-SharingCharger.release.xcconfig */,
			);
			path = Pods;
			sourceTree = "<group>";
		};
		DA41A1EA24EBDA2F00E7BB93 /* Util */ = {
			isa = PBXGroup;
			children = (
				DA41A08B24EBB35400E7BB93 /* AppendStar.swift */,
				DA09438224E1214B00671F0D /* CustomTextField.swift */,
			);
			name = Util;
			sourceTree = "<group>";
		};
		DA41A1EC24EBDA3600E7BB93 /* ViewController */ = {
			isa = PBXGroup;
			children = (
				DA09438824E146AC00671F0D /* JoinViewController.swift */,
				DABC41AB24CE73F500DD366F /* LoginViewController.swift */,
				DADCD4C624F4E2080026EFAD /* MainViewController.swift */,
				DA41A1EF24ECF71200E7BB93 /* PasswordInitViewController.swift */,
				DADCD4F124F554710026EFAD /* ReservationViewController.swift */,
			);
			name = ViewController;
			sourceTree = "<group>";
		};
		DA41A1EE24EBDA3A00E7BB93 /* Storyboard */ = {
			isa = PBXGroup;
			children = (
				DABC41B524CE73F700DD366F /* LaunchScreen.storyboard */,
				DABC41AD24CE73F500DD366F /* Login.storyboard */,
				DADCD4C424F4E1E20026EFAD /* Main.storyboard */,
			);
			name = Storyboard;
			sourceTree = "<group>";
		};
		DABC419B24CE73F500DD366F = {
			isa = PBXGroup;
			children = (
				DABC41A624CE73F500DD366F /* SharingCharger */,
				DABC41A524CE73F500DD366F /* Products */,
				C26971B864C6A78C055C6FEB /* Pods */,
				6F2778561FDF4EE778A01B95 /* Frameworks */,
			);
			sourceTree = "<group>";
		};
		DABC41A524CE73F500DD366F /* Products */ = {
			isa = PBXGroup;
			children = (
				DABC41A424CE73F500DD366F /* SharingCharger.app */,
			);
			name = Products;
			sourceTree = "<group>";
		};
		DABC41A624CE73F500DD366F /* SharingCharger */ = {
			isa = PBXGroup;
			children = (
				DABC41A724CE73F500DD366F /* AppDelegate.swift */,
				DABC41B324CE73F700DD366F /* Assets.xcassets */,
				DABC41B824CE73F700DD366F /* Info.plist */,
				DABC41A924CE73F500DD366F /* SceneDelegate.swift */,
				DABC41B024CE73F500DD366F /* SharingCharger.xcdatamodeld */,
				DA41A1EE24EBDA3A00E7BB93 /* Storyboard */,
				DA41A1EA24EBDA2F00E7BB93 /* Util */,
				DA41A1EC24EBDA3600E7BB93 /* ViewController */,
			);
			path = SharingCharger;
			sourceTree = "<group>";
		};
/* End PBXGroup section */

/* Begin PBXNativeTarget section */
		DABC41A324CE73F500DD366F /* SharingCharger */ = {
			isa = PBXNativeTarget;
			buildConfigurationList = DABC41BB24CE73F700DD366F /* Build configuration list for PBXNativeTarget "SharingCharger" */;
			buildPhases = (
				8FB75098720321C106980ECA /* [CP] Check Pods Manifest.lock */,
				DABC41A024CE73F500DD366F /* Sources */,
				DABC41A124CE73F500DD366F /* Frameworks */,
				DABC41A224CE73F500DD366F /* Resources */,
				045C1485EE8DCC341BCD80E3 /* [CP] Embed Pods Frameworks */,
			);
			buildRules = (
			);
			dependencies = (
			);
			name = SharingCharger;
			productName = SharingCharger;
			productReference = DABC41A424CE73F500DD366F /* SharingCharger.app */;
			productType = "com.apple.product-type.application";
		};
/* End PBXNativeTarget section */

/* Begin PBXProject section */
		DABC419C24CE73F500DD366F /* Project object */ = {
			isa = PBXProject;
			attributes = {
				LastSwiftUpdateCheck = 1160;
				LastUpgradeCheck = 1160;
				ORGANIZATIONNAME = metisinfo;
				TargetAttributes = {
					DABC41A324CE73F500DD366F = {
						CreatedOnToolsVersion = 11.6;
					};
				};
			};
			buildConfigurationList = DABC419F24CE73F500DD366F /* Build configuration list for PBXProject "SharingCharger" */;
			compatibilityVersion = "Xcode 9.3";
			developmentRegion = en;
			hasScannedForEncodings = 0;
			knownRegions = (
				en,
				Base,
			);
			mainGroup = DABC419B24CE73F500DD366F;
			productRefGroup = DABC41A524CE73F500DD366F /* Products */;
			projectDirPath = "";
			projectRoot = "";
			targets = (
				DABC41A324CE73F500DD366F /* SharingCharger */,
			);
		};
/* End PBXProject section */

/* Begin PBXResourcesBuildPhase section */
		DABC41A224CE73F500DD366F /* Resources */ = {
			isa = PBXResourcesBuildPhase;
			buildActionMask = 2147483647;
			files = (
				DABC41B724CE73F700DD366F /* LaunchScreen.storyboard in Resources */,
				DABC41B424CE73F700DD366F /* Assets.xcassets in Resources */,
				DABC41AF24CE73F500DD366F /* Login.storyboard in Resources */,
				DADCD4C524F4E1E20026EFAD /* Main.storyboard in Resources */,
			);
			runOnlyForDeploymentPostprocessing = 0;
		};
/* End PBXResourcesBuildPhase section */

/* Begin PBXShellScriptBuildPhase section */
		045C1485EE8DCC341BCD80E3 /* [CP] Embed Pods Frameworks */ = {
			isa = PBXShellScriptBuildPhase;
			buildActionMask = 2147483647;
			files = (
			);
			inputFileListPaths = (
				"${PODS_ROOT}/Target Support Files/Pods-SharingCharger/Pods-SharingCharger-frameworks-${CONFIGURATION}-input-files.xcfilelist",
			);
			name = "[CP] Embed Pods Frameworks";
			outputFileListPaths = (
				"${PODS_ROOT}/Target Support Files/Pods-SharingCharger/Pods-SharingCharger-frameworks-${CONFIGURATION}-output-files.xcfilelist",
			);
			runOnlyForDeploymentPostprocessing = 0;
			shellPath = /bin/sh;
			shellScript = "\"${PODS_ROOT}/Target Support Files/Pods-SharingCharger/Pods-SharingCharger-frameworks.sh\"\n";
			showEnvVarsInLog = 0;
		};
		8FB75098720321C106980ECA /* [CP] Check Pods Manifest.lock */ = {
			isa = PBXShellScriptBuildPhase;
			buildActionMask = 2147483647;
			files = (
			);
			inputFileListPaths = (
			);
			inputPaths = (
				"${PODS_PODFILE_DIR_PATH}/Podfile.lock",
				"${PODS_ROOT}/Manifest.lock",
			);
			name = "[CP] Check Pods Manifest.lock";
			outputFileListPaths = (
			);
			outputPaths = (
				"$(DERIVED_FILE_DIR)/Pods-SharingCharger-checkManifestLockResult.txt",
			);
			runOnlyForDeploymentPostprocessing = 0;
			shellPath = /bin/sh;
			shellScript = "diff \"${PODS_PODFILE_DIR_PATH}/Podfile.lock\" \"${PODS_ROOT}/Manifest.lock\" > /dev/null\nif [ $? != 0 ] ; then\n    # print error to STDERR\n    echo \"error: The sandbox is not in sync with the Podfile.lock. Run 'pod install' or update your CocoaPods installation.\" >&2\n    exit 1\nfi\n# This output is used by Xcode 'outputs' to avoid re-running this script phase.\necho \"SUCCESS\" > \"${SCRIPT_OUTPUT_FILE_0}\"\n";
			showEnvVarsInLog = 0;
		};
/* End PBXShellScriptBuildPhase section */

/* Begin PBXSourcesBuildPhase section */
		DABC41A024CE73F500DD366F /* Sources */ = {
			isa = PBXSourcesBuildPhase;
			buildActionMask = 2147483647;
			files = (
				DABC41AC24CE73F500DD366F /* LoginViewController.swift in Sources */,
				DABC41A824CE73F500DD366F /* AppDelegate.swift in Sources */,
				DA41A1F024ECF71200E7BB93 /* PasswordInitViewController.swift in Sources */,
				DABC41AA24CE73F500DD366F /* SceneDelegate.swift in Sources */,
				DABC41B224CE73F500DD366F /* SharingCharger.xcdatamodeld in Sources */,
				DADCD4F224F554710026EFAD /* ReservationViewController.swift in Sources */,
				DA09438924E146AC00671F0D /* JoinViewController.swift in Sources */,
				DADCD4C724F4E2080026EFAD /* MainViewController.swift in Sources */,
				DA09438324E1214B00671F0D /* CustomTextField.swift in Sources */,
				DA41A08C24EBB35400E7BB93 /* AppendStar.swift in Sources */,
			);
			runOnlyForDeploymentPostprocessing = 0;
		};
/* End PBXSourcesBuildPhase section */

/* Begin PBXVariantGroup section */
		DABC41AD24CE73F500DD366F /* Login.storyboard */ = {
			isa = PBXVariantGroup;
			children = (
				DABC41AE24CE73F500DD366F /* Base */,
			);
			name = Login.storyboard;
			sourceTree = "<group>";
		};
		DABC41B524CE73F700DD366F /* LaunchScreen.storyboard */ = {
			isa = PBXVariantGroup;
			children = (
				DABC41B624CE73F700DD366F /* Base */,
			);
			name = LaunchScreen.storyboard;
			sourceTree = "<group>";
		};
/* End PBXVariantGroup section */

/* Begin XCBuildConfiguration section */
		DABC41B924CE73F700DD366F /* Debug */ = {
			isa = XCBuildConfiguration;
			buildSettings = {
				ALWAYS_SEARCH_USER_PATHS = NO;
				CLANG_ANALYZER_NONNULL = YES;
				CLANG_ANALYZER_NUMBER_OBJECT_CONVERSION = YES_AGGRESSIVE;
				CLANG_CXX_LANGUAGE_STANDARD = "gnu++14";
				CLANG_CXX_LIBRARY = "libc++";
				CLANG_ENABLE_MODULES = YES;
				CLANG_ENABLE_OBJC_ARC = YES;
				CLANG_ENABLE_OBJC_WEAK = YES;
				CLANG_WARN_BLOCK_CAPTURE_AUTORELEASING = YES;
				CLANG_WARN_BOOL_CONVERSION = YES;
				CLANG_WARN_COMMA = YES;
				CLANG_WARN_CONSTANT_CONVERSION = YES;
				CLANG_WARN_DEPRECATED_OBJC_IMPLEMENTATIONS = YES;
				CLANG_WARN_DIRECT_OBJC_ISA_USAGE = YES_ERROR;
				CLANG_WARN_DOCUMENTATION_COMMENTS = YES;
				CLANG_WARN_EMPTY_BODY = YES;
				CLANG_WARN_ENUM_CONVERSION = YES;
				CLANG_WARN_INFINITE_RECURSION = YES;
				CLANG_WARN_INT_CONVERSION = YES;
				CLANG_WARN_NON_LITERAL_NULL_CONVERSION = YES;
				CLANG_WARN_OBJC_IMPLICIT_RETAIN_SELF = YES;
				CLANG_WARN_OBJC_LITERAL_CONVERSION = YES;
				CLANG_WARN_OBJC_ROOT_CLASS = YES_ERROR;
				CLANG_WARN_RANGE_LOOP_ANALYSIS = YES;
				CLANG_WARN_STRICT_PROTOTYPES = YES;
				CLANG_WARN_SUSPICIOUS_MOVE = YES;
				CLANG_WARN_UNGUARDED_AVAILABILITY = YES_AGGRESSIVE;
				CLANG_WARN_UNREACHABLE_CODE = YES;
				CLANG_WARN__DUPLICATE_METHOD_MATCH = YES;
				COPY_PHASE_STRIP = NO;
				DEBUG_INFORMATION_FORMAT = dwarf;
				ENABLE_STRICT_OBJC_MSGSEND = YES;
				ENABLE_TESTABILITY = YES;
				GCC_C_LANGUAGE_STANDARD = gnu11;
				GCC_DYNAMIC_NO_PIC = NO;
				GCC_NO_COMMON_BLOCKS = YES;
				GCC_OPTIMIZATION_LEVEL = 0;
				GCC_PREPROCESSOR_DEFINITIONS = (
					"DEBUG=1",
					"$(inherited)",
				);
				GCC_WARN_64_TO_32_BIT_CONVERSION = YES;
				GCC_WARN_ABOUT_RETURN_TYPE = YES_ERROR;
				GCC_WARN_UNDECLARED_SELECTOR = YES;
				GCC_WARN_UNINITIALIZED_AUTOS = YES_AGGRESSIVE;
				GCC_WARN_UNUSED_FUNCTION = YES;
				GCC_WARN_UNUSED_VARIABLE = YES;
				IPHONEOS_DEPLOYMENT_TARGET = 13.6;
				MTL_ENABLE_DEBUG_INFO = INCLUDE_SOURCE;
				MTL_FAST_MATH = YES;
				ONLY_ACTIVE_ARCH = YES;
				SDKROOT = iphoneos;
				SWIFT_ACTIVE_COMPILATION_CONDITIONS = DEBUG;
				SWIFT_OPTIMIZATION_LEVEL = "-Onone";
			};
			name = Debug;
		};
		DABC41BA24CE73F700DD366F /* Release */ = {
			isa = XCBuildConfiguration;
			buildSettings = {
				ALWAYS_SEARCH_USER_PATHS = NO;
				CLANG_ANALYZER_NONNULL = YES;
				CLANG_ANALYZER_NUMBER_OBJECT_CONVERSION = YES_AGGRESSIVE;
				CLANG_CXX_LANGUAGE_STANDARD = "gnu++14";
				CLANG_CXX_LIBRARY = "libc++";
				CLANG_ENABLE_MODULES = YES;
				CLANG_ENABLE_OBJC_ARC = YES;
				CLANG_ENABLE_OBJC_WEAK = YES;
				CLANG_WARN_BLOCK_CAPTURE_AUTORELEASING = YES;
				CLANG_WARN_BOOL_CONVERSION = YES;
				CLANG_WARN_COMMA = YES;
				CLANG_WARN_CONSTANT_CONVERSION = YES;
				CLANG_WARN_DEPRECATED_OBJC_IMPLEMENTATIONS = YES;
				CLANG_WARN_DIRECT_OBJC_ISA_USAGE = YES_ERROR;
				CLANG_WARN_DOCUMENTATION_COMMENTS = YES;
				CLANG_WARN_EMPTY_BODY = YES;
				CLANG_WARN_ENUM_CONVERSION = YES;
				CLANG_WARN_INFINITE_RECURSION = YES;
				CLANG_WARN_INT_CONVERSION = YES;
				CLANG_WARN_NON_LITERAL_NULL_CONVERSION = YES;
				CLANG_WARN_OBJC_IMPLICIT_RETAIN_SELF = YES;
				CLANG_WARN_OBJC_LITERAL_CONVERSION = YES;
				CLANG_WARN_OBJC_ROOT_CLASS = YES_ERROR;
				CLANG_WARN_RANGE_LOOP_ANALYSIS = YES;
				CLANG_WARN_STRICT_PROTOTYPES = YES;
				CLANG_WARN_SUSPICIOUS_MOVE = YES;
				CLANG_WARN_UNGUARDED_AVAILABILITY = YES_AGGRESSIVE;
				CLANG_WARN_UNREACHABLE_CODE = YES;
				CLANG_WARN__DUPLICATE_METHOD_MATCH = YES;
				COPY_PHASE_STRIP = NO;
				DEBUG_INFORMATION_FORMAT = "dwarf-with-dsym";
				ENABLE_NS_ASSERTIONS = NO;
				ENABLE_STRICT_OBJC_MSGSEND = YES;
				GCC_C_LANGUAGE_STANDARD = gnu11;
				GCC_NO_COMMON_BLOCKS = YES;
				GCC_WARN_64_TO_32_BIT_CONVERSION = YES;
				GCC_WARN_ABOUT_RETURN_TYPE = YES_ERROR;
				GCC_WARN_UNDECLARED_SELECTOR = YES;
				GCC_WARN_UNINITIALIZED_AUTOS = YES_AGGRESSIVE;
				GCC_WARN_UNUSED_FUNCTION = YES;
				GCC_WARN_UNUSED_VARIABLE = YES;
				IPHONEOS_DEPLOYMENT_TARGET = 13.6;
				MTL_ENABLE_DEBUG_INFO = NO;
				MTL_FAST_MATH = YES;
				SDKROOT = iphoneos;
				SWIFT_COMPILATION_MODE = wholemodule;
				SWIFT_OPTIMIZATION_LEVEL = "-O";
				VALIDATE_PRODUCT = YES;
			};
			name = Release;
		};
		DABC41BC24CE73F700DD366F /* Debug */ = {
			isa = XCBuildConfiguration;
			baseConfigurationReference = 0E3E6427A6C3A592D0F58D84 /* Pods-SharingCharger.debug.xcconfig */;
			buildSettings = {
				ASSETCATALOG_COMPILER_APPICON_NAME = AppIcon;
				ASSETCATALOG_COMPILER_LAUNCHIMAGE_NAME = LaunchImage;
				CODE_SIGN_STYLE = Automatic;
				CURRENT_PROJECT_VERSION = 1.0.0;
				DEVELOPMENT_TEAM = C846JVNTZN;
				INFOPLIST_FILE = SharingCharger/Info.plist;
				IPHONEOS_DEPLOYMENT_TARGET = 13.0;
				LD_RUNPATH_SEARCH_PATHS = (
					"$(inherited)",
					"@executable_path/Frameworks",
				);
				MARKETING_VERSION = 1.0.0;
				PRODUCT_BUNDLE_IDENTIFIER = kr.co.metisinfo.SharingCharger;
				PRODUCT_NAME = "$(TARGET_NAME)";
				SWIFT_VERSION = 5.0;
				TARGETED_DEVICE_FAMILY = 1;
			};
			name = Debug;
		};
		DABC41BD24CE73F700DD366F /* Release */ = {
			isa = XCBuildConfiguration;
			baseConfigurationReference = A2EB86E1C4E15A54970329DC /* Pods-SharingCharger.release.xcconfig */;
			buildSettings = {
				ASSETCATALOG_COMPILER_APPICON_NAME = AppIcon;
				ASSETCATALOG_COMPILER_LAUNCHIMAGE_NAME = LaunchImage;
				CODE_SIGN_STYLE = Automatic;
				CURRENT_PROJECT_VERSION = 1.0.0;
				DEVELOPMENT_TEAM = C846JVNTZN;
				INFOPLIST_FILE = SharingCharger/Info.plist;
				IPHONEOS_DEPLOYMENT_TARGET = 13.0;
				LD_RUNPATH_SEARCH_PATHS = (
					"$(inherited)",
					"@executable_path/Frameworks",
				);
				MARKETING_VERSION = 1.0.0;
				PRODUCT_BUNDLE_IDENTIFIER = kr.co.metisinfo.SharingCharger;
				PRODUCT_NAME = "$(TARGET_NAME)";
				SWIFT_VERSION = 5.0;
				TARGETED_DEVICE_FAMILY = 1;
			};
			name = Release;
		};
/* End XCBuildConfiguration section */

/* Begin XCConfigurationList section */
		DABC419F24CE73F500DD366F /* Build configuration list for PBXProject "SharingCharger" */ = {
			isa = XCConfigurationList;
			buildConfigurations = (
				DABC41B924CE73F700DD366F /* Debug */,
				DABC41BA24CE73F700DD366F /* Release */,
			);
			defaultConfigurationIsVisible = 0;
			defaultConfigurationName = Release;
		};
		DABC41BB24CE73F700DD366F /* Build configuration list for PBXNativeTarget "SharingCharger" */ = {
			isa = XCConfigurationList;
			buildConfigurations = (
				DABC41BC24CE73F700DD366F /* Debug */,
				DABC41BD24CE73F700DD366F /* Release */,
			);
			defaultConfigurationIsVisible = 0;
			defaultConfigurationName = Release;
		};
/* End XCConfigurationList section */

/* Begin XCVersionGroup section */
		DABC41B024CE73F500DD366F /* SharingCharger.xcdatamodeld */ = {
			isa = XCVersionGroup;
			children = (
				DABC41B124CE73F500DD366F /* SharingCharger.xcdatamodel */,
			);
			currentVersion = DABC41B124CE73F500DD366F /* SharingCharger.xcdatamodel */;
			path = SharingCharger.xcdatamodeld;
			sourceTree = "<group>";
			versionGroupType = wrapper.xcdatamodel;
		};
/* End XCVersionGroup section */
	};
	rootObject = DABC419C24CE73F500DD366F /* Project object */;
}
